{
  "lockfileVersion": 2,
  "configVersion": 1,
  "workspaces": {
    "": {
      "name": "ink-workspace",
      "devDependencies": {
        "@jridgewell/remapping": "2.3.5",
        "@oxlint/plugins": "1.79.0",
        "@types/react": "19.2.18",
        "@types/react-reconciler": "0.33.0",
        "oxc-parser": "0.149.0",
        "oxc-transform-react": "0.149.0",
        "oxfmt": "0.70.0",
        "oxlint": "1.79.0",
        "oxlint-plugin-react-doctor": "0.9.12",
        "react-refresh": "0.18.0",
        "typescript": "5.9.3",
      },
    },
    "examples/counter": {
      "name": "ink-counter-example",
      "dependencies": {
        "ink": "workspace:*",
        "react": "19.2.8",
      },
    },
    "examples/light-template": {
      "name": "ink-light-template-example",
      "dependencies": {
        "@ink/audio": "workspace:*",
        "@ink/auth": "workspace:*",
        "@ink/background": "workspace:*",
        "@ink/barcode": "workspace:*",
        "@ink/camera": "workspace:*",
        "@ink/files": "workspace:*",
        "@ink/lightos": "workspace:*",
        "@ink/location": "workspace:*",
        "@ink/maps": "workspace:*",
        "@ink/network": "workspace:*",
        "@ink/nfc": "workspace:*",
        "@ink/notifications": "workspace:*",
        "@ink/secure-store": "workspace:*",
        "@ink/store": "workspace:*",
        "@ink/video": "workspace:*",
        "ink": "workspace:*",
        "react": "19.2.8",
        "valibot": "1.5.0",
      },
      "devDependencies": {
        "@types/react": "19.2.18",
        "@types/react-reconciler": "0.33.0",
        "typescript": "5.9.3",
      },
    },
    "packages/audio": {
      "name": "@ink/audio",
      "version": "0.1.0-alpha.9",
      "peerDependencies": {
        "@ink/files": "0.1.0-alpha.9",
        "ink": "0.1.0-alpha.9",
        "react": "19.2.8",
      },
    },
    "packages/auth": {
      "name": "@ink/auth",
      "version": "0.1.0-alpha.9",
      "peerDependencies": {
        "ink": "0.1.0-alpha.9",
      },
    },
    "packages/background": {
      "name": "@ink/background",
      "version": "0.1.0-alpha.9",
      "peerDependencies": {
        "ink": "0.1.0-alpha.9",
      },
    },
    "packages/barcode": {
      "name": "@ink/barcode",
      "version": "0.1.0-alpha.9",
      "peerDependencies": {
        "@ink/camera": "0.1.0-alpha.9",
        "ink": "0.1.0-alpha.9",
        "react": "19.2.8",
      },
    },
    "packages/camera": {
      "name": "@ink/camera",
      "version": "0.1.0-alpha.9",
      "peerDependencies": {
        "@ink/files": "0.1.0-alpha.9",
        "ink": "0.1.0-alpha.9",
        "react": "19.2.8",
      },
    },
    "packages/clipboard": {
      "name": "@ink/clipboard",
      "version": "0.1.0-alpha.9",
      "peerDependencies": {
        "ink": "0.1.0-alpha.9",
      },
    },
    "packages/crypto": {
      "name": "@ink/crypto",
      "version": "0.1.0-alpha.9",
      "peerDependencies": {
        "ink": "0.1.0-alpha.9",
      },
    },
    "packages/files": {
      "name": "@ink/files",
      "version": "0.1.0-alpha.9",
      "dependencies": {
        "@ink/lightos": "0.1.0-alpha.9",
      },
      "peerDependencies": {
        "ink": "0.1.0-alpha.9",
        "react": "19.2.8",
      },
    },
    "packages/ink": {
      "name": "ink",
      "version": "0.1.0-alpha.9",
      "dependencies": {
        "linkify-it": "^6.1.0",
        "react-reconciler": "0.33.0",
      },
      "peerDependencies": {
        "react": "19.2.8",
      },
    },
    "packages/lightos": {
      "name": "@ink/lightos",
      "version": "0.1.0-alpha.9",
      "peerDependencies": {
        "ink": "0.1.0-alpha.9",
        "react": "19.2.8",
      },
    },
    "packages/location": {
      "name": "@ink/location",
      "version": "0.1.0-alpha.9",
      "peerDependencies": {
        "ink": "0.1.0-alpha.9",
      },
    },
    "packages/maps": {
      "name": "@ink/maps",
      "version": "0.1.0-alpha.9",
      "peerDependencies": {
        "ink": "0.1.0-alpha.9",
        "react": "19.2.8",
      },
    },
    "packages/network": {
      "name": "@ink/network",
      "version": "0.1.0-alpha.9",
      "dependencies": {
        "@types/whatwg-url": "13.0.0",
        "web-streams-polyfill": "4.3.0",
        "whatwg-url": "14.2.0",
      },
      "peerDependencies": {
        "@ink/files": "0.1.0-alpha.9",
        "ink": "0.1.0-alpha.9",
      },
    },
    "packages/nfc": {
      "name": "@ink/nfc",
      "version": "0.1.0-alpha.9",
      "peerDependencies": {
        "ink": "0.1.0-alpha.9",
      },
    },
    "packages/notifications": {
      "name": "@ink/notifications",
      "version": "0.1.0-alpha.9",
      "peerDependencies": {
        "ink": "0.1.0-alpha.9",
        "react": "19.2.8",
      },
    },
    "packages/secure-store": {
      "name": "@ink/secure-store",
      "version": "0.1.0-alpha.9",
      "peerDependencies": {
        "ink": "0.1.0-alpha.9",
      },
    },
    "packages/store": {
      "name": "@ink/store",
      "version": "0.1.0-alpha.9",
      "peerDependencies": {
        "ink": "0.1.0-alpha.9",
      },
    },
    "packages/video": {
      "name": "@ink/video",
      "version": "0.1.0-alpha.9",
      "peerDependencies": {
        "ink": "0.1.0-alpha.9",
        "react": "19.2.8",
      },
    },
    "packages/wallet": {
      "name": "@ink/wallet",
      "version": "0.1.0-alpha.9",
      "dependencies": {
        "valibot": "1.5.0",
      },
      "peerDependencies": {
        "@ink/barcode": "0.1.0-alpha.9",
        "ink": "0.1.0-alpha.9",
        "react": "19.2.8",
      },
    },
  },
  "packages": {
    "@ink/audio": ["@ink/audio@workspace:packages/audio"],

    "@ink/auth": ["@ink/auth@workspace:packages/auth"],

    "@ink/background": ["@ink/background@workspace:packages/background"],

    "@ink/barcode": ["@ink/barcode@workspace:packages/barcode"],

    "@ink/camera": ["@ink/camera@workspace:packages/camera"],

    "@ink/clipboard": ["@ink/clipboard@workspace:packages/clipboard"],

    "@ink/crypto": ["@ink/crypto@workspace:packages/crypto"],

    "@ink/files": ["@ink/files@workspace:packages/files"],

    "@ink/lightos": ["@ink/lightos@workspace:packages/lightos"],

    "@ink/location": ["@ink/location@workspace:packages/location"],

    "@ink/maps": ["@ink/maps@workspace:packages/maps"],

    "@ink/network": ["@ink/network@workspace:packages/network"],

    "@ink/nfc": ["@ink/nfc@workspace:packages/nfc"],

    "@ink/notifications": ["@ink/notifications@workspace:packages/notifications"],

    "@ink/secure-store": ["@ink/secure-store@workspace:packages/secure-store"],

    "@ink/store": ["@ink/store@workspace:packages/store"],

    "@ink/video": ["@ink/video@workspace:packages/video"],

    "@ink/wallet": ["@ink/wallet@workspace:packages/wallet"],

    "@jridgewell/gen-mapping": ["@jridgewell/gen-mapping@0.3.13", "", { "dependencies": { "@jridgewell/sourcemap-codec": "^1.5.0", "@jridgewell/trace-mapping": "^0.3.24" } }, "sha512-2kkt/7niJ6MgEPxF0bYdQ6etZaA+fQvDcLKckhy1yIQOzaoKjBBjSj63/aLVjYE3qhRt5dvM+uUyfCg6UKCBbA=="],

    "@jridgewell/remapping": ["@jridgewell/remapping@2.3.5", "", { "dependencies": { "@jridgewell/gen-mapping": "^0.3.5", "@jridgewell/trace-mapping": "^0.3.24" } }, "sha512-LI9u/+laYG4Ds1TDKSJW2YPrIlcVYOwi2fUC6xB43lueCjgxV4lffOCZCtYFiH6TNOX+tQKXx97T4IKHbhyHEQ=="],

    "@jridgewell/resolve-uri": ["@jridgewell/resolve-uri@3.1.2", "", {}, "sha512-bRISgCIjP20/tbWSPWMEi54QVPRZExkuD9lJL+UIxUKtwVJA8wW1Trb1jMs1RFXo1CBTNZ/5hpC9QvmKWdopKw=="],

    "@jridgewell/sourcemap-codec": ["@jridgewell/sourcemap-codec@1.6.0", "", {}, "sha512-T7jf+5zgsZHwNJ4lvQ7/aezbyk0nNX+zJVWpmHA7VYsEx7a7qr5Rg5IbtJFqkgze5Y2sruq1RUY8Q837Od7iFw=="],

    "@jridgewell/trace-mapping": ["@jridgewell/trace-mapping@0.3.31", "", { "dependencies": { "@jridgewell/resolve-uri": "^3.1.0", "@jridgewell/sourcemap-codec": "^1.4.14" } }, "sha512-zzNR+SdQSDJzc8joaeP8QQoCQr8NuYx2dIIytl1QeBEZHJ9uW6hebsrYgbz8hJwUQao3TWCMtmfV8Nu1twOLAw=="],

    "@oxc-parser/binding-android-arm-eabi": ["@oxc-parser/binding-android-arm-eabi@0.149.0", "", { "os": "android", "cpu": "arm" }, "sha512-OQmN5XYQ/GNRkbU0Ksb2QSaHOgKWhFw7Bz6lJvANBdwVkLzTlcHXDLj62XrNPtUf3pDxRBr7OoHJrKhHYOb9iA=="],

    "@oxc-parser/binding-android-arm64": ["@oxc-parser/binding-android-arm64@0.149.0", "", { "os": "android", "cpu": "arm64" }, "sha512-M7nHwfHY2Xv5Rm1iygvyOTPXrD4d5WRVw+C8eItLwoipzQBnkUMmwh3jvuGLBio2BGetfIH0F7J3Afb1Qn9dJg=="],

    "@oxc-parser/binding-darwin-arm64": ["@oxc-parser/binding-darwin-arm64@0.149.0", "", { "os": "darwin", "cpu": "arm64" }, "sha512-h6NrhqRAVKbgzfShjHoBgjeJ1vQR2o6iNM6/t8JCSej1XRKJyraV08Zz7ey6SsjPzof4ecp48Upg2vidqoDgtQ=="],

    "@oxc-parser/binding-darwin-x64": ["@oxc-parser/binding-darwin-x64@0.149.0", "", { "os": "darwin", "cpu": "x64" }, "sha512-+WRRZeFYqVznJEEttiWNcI43Ij2iD0yphmMFkAuKNOQTyXQ+lLCAVW6aVLOD6nPO6FOymW7HtDh5KmnxZPi/2A=="],

    "@oxc-parser/binding-freebsd-x64": ["@oxc-parser/binding-freebsd-x64@0.149.0", "", { "os": "freebsd", "cpu": "x64" }, "sha512-kG0YUZj/4hdHBQDtIr2UZ7Nyxy3M5Et+w3A0V0eefRgtQWE4wJrNflBJMJfwFPiwMLPlPL6qJR+5JdeIqhzW/g=="],

    "@oxc-parser/binding-linux-arm-gnueabihf": ["@oxc-parser/binding-linux-arm-gnueabihf@0.149.0", "", { "os": "linux", "cpu": "arm" }, "sha512-gOD5NhD8DG7aJ8CLZ+ve5xoDq0y0J0zKZSfkfMGfk96XLhu21IzSFvjpEvVUGodD7Yyy3Tr9rNdiPEdZjkuRqQ=="],

    "@oxc-parser/binding-linux-arm-musleabihf": ["@oxc-parser/binding-linux-arm-musleabihf@0.149.0", "", { "os": "linux", "cpu": "arm" }, "sha512-UtPYQkciY1NzYRtfKBopYfOjSxPFFVyprs0iH+Z5KZKNv9at/71pGd2KNrlmALhRcNocnxEsc+KuhY3nUlhIxg=="],

    "@oxc-parser/binding-linux-arm64-gnu": ["@oxc-parser/binding-linux-arm64-gnu@0.149.0", "", { "os": "linux", "cpu": "arm64" }, "sha512-3jWkwykjJJegMD+5dU9n30mzwvTLi99fkUqHU9Pqdzw3fIVfyn6ZnjOl8l053jogr0BGQPxagTjIKBksp288eQ=="],

    "@oxc-parser/binding-linux-arm64-musl": ["@oxc-parser/binding-linux-arm64-musl@0.149.0", "", { "os": "linux", "cpu": "arm64" }, "sha512-H7n8zPxnLVI0pkutAxyXJNE/IaCuCJS6ghgv2cl8IDIgXCDZWjG/Bs8rF8BHKQ9gsOpA4m+T4lFaFAdnGuk/cw=="],

    "@oxc-parser/binding-linux-ppc64-gnu": ["@oxc-parser/binding-linux-ppc64-gnu@0.149.0", "", { "os": "linux", "cpu": "ppc64" }, "sha512-aByOTCdLYp8FjwAUUmN7YYjAmPJ/9t0I1ACuhAkYun87fajIHbwuZ/opaBk0Pnfxzp2vYyD8hdG8OQWEglP5oA=="],

    "@oxc-parser/binding-linux-riscv64-gnu": ["@oxc-parser/binding-linux-riscv64-gnu@0.149.0", "", { "os": "linux", "cpu": "none" }, "sha512-SAdNs+uxMRBLPM6QuLlOxzE4duWia4EMhqGknsJS2EGnWni7i53gSZhaW3VYPxaP8nk/UsMQxMODIFwBHbRWcQ=="],

    "@oxc-parser/binding-linux-riscv64-musl": ["@oxc-parser/binding-linux-riscv64-musl@0.149.0", "", { "os": "linux", "cpu": "none" }, "sha512-RhmzD62QNtMjuBAeKJ15gzyNRv06Yz1ZFi6lgTiA5S3ixkrSMPJWIPGyqdlC4XiWxwAW9W4jeQNV4/Om9V27gA=="],

    "@oxc-parser/binding-linux-s390x-gnu": ["@oxc-parser/binding-linux-s390x-gnu@0.149.0", "", { "os": "linux", "cpu": "s390x" }, "sha512-HqEExoeKhlfUacdhj7KEe1m93B1SzCUkF88c1qLQR5Km6GPSoMHMIjK7qmRXLzjsO+ipSTWVsnYMVG0j2/mxNA=="],

    "@oxc-parser/binding-linux-x64-gnu": ["@oxc-parser/binding-linux-x64-gnu@0.149.0", "", { "os": "linux", "cpu": "x64" }, "sha512-FuAv1J7GoSkmxg5glvzlHA88Ld7dOIg23VdAsVLngPZN/ZjZPtCaBZDby1GPn63Yj+7h47/wbcd7i1p2UJTeNQ=="],

    "@oxc-parser/binding-linux-x64-musl": ["@oxc-parser/binding-linux-x64-musl@0.149.0", "", { "os": "linux", "cpu": "x64" }, "sha512-KDFOVgjMIOiMiRUw+jZlAIEZZFG0WgGk+adcldjc+/qz0/kvobnYJqDqNX0+REJbSpSsM1Knj0zrEGTQ6WTIng=="],

    "@oxc-parser/binding-openharmony-arm64": ["@oxc-parser/binding-openharmony-arm64@0.149.0", "", { "os": "none", "cpu": "arm64" }, "sha512-O3O+ZBhGEUhtbDXFWRMTuOCBg+fC2hf1wrtZBrd3VJUtV/MDd1LCwZXIHY2nMCnh9Akgjay965pBok2h5AXN0A=="],

    "@oxc-parser/binding-win32-arm64-msvc": ["@oxc-parser/binding-win32-arm64-msvc@0.149.0", "", { "os": "win32", "cpu": "arm64" }, "sha512-9hMvs3GZESAcbUGU3mqXFWRLgBd8TLeosNYfHusHp/hrBnk5lIP2nJtark3hZ6qT+lqSdS79sH8NoWHj1x9iUw=="],

    "@oxc-parser/binding-win32-ia32-msvc": ["@oxc-parser/binding-win32-ia32-msvc@0.149.0", "", { "os": "win32", "cpu": "ia32" }, "sha512-8hQaS1Urc1NnlutDfhQ+DwijRALGLY+AmqJSBHV4OmyPZDoqgtkmjTHl2tsTLK6PETe6PbIJLKmXcpJuqkf8Lw=="],

    "@oxc-parser/binding-win32-x64-msvc": ["@oxc-parser/binding-win32-x64-msvc@0.149.0", "", { "os": "win32", "cpu": "x64" }, "sha512-xFqDgKSKdY0m2EtHQL7uMuknuEGnvbtxkWllGle5hmhVe5xn5XZ0Zb9iViAsItFAf0CjSiZ5er3XqqAlr5oARA=="],

    "@oxc-project/types": ["@oxc-project/types@0.149.0", "", {}, "sha512-Efcc+iF0j3Bf67YjEqIqWXbX5XddXoK/Mw4K1/JuXwRCZ8N16VR7iT23nlCc9XrveFVh/E5Rqs2StT0V8v9LdA=="],

    "@oxc-transform-react/binding-android-arm-eabi": ["@oxc-transform-react/binding-android-arm-eabi@0.149.0", "", { "os": "android", "cpu": "arm" }, "sha512-j9tB2Ug9rZMxBxE57nJJvB0QMXqrAYdPB5653DtAFCbp5WmuOPot2iz9Ctm64oMQchdutYwVoHKfZPC23ZpN+w=="],

    "@oxc-transform-react/binding-android-arm64": ["@oxc-transform-react/binding-android-arm64@0.149.0", "", { "os": "android", "cpu": "arm64" }, "sha512-GE5jGUca23DbM6jsMccmrkBe7LlbKvO03JznFXMupKN3os2MrwNnT9bm3CxgC5ih0KKnpwdOhP6+gayaf/RsRQ=="],

    "@oxc-transform-react/binding-darwin-arm64": ["@oxc-transform-react/binding-darwin-arm64@0.149.0", "", { "os": "darwin", "cpu": "arm64" }, "sha512-3XWdu3umUjOyDWamugshtYYglZJR/TnP7gjnvGc3vI1ozqRrtS+QLjs73XOKU7KTkfuoBSh0lf0cF+Y8u8aqng=="],

    "@oxc-transform-react/binding-darwin-x64": ["@oxc-transform-react/binding-darwin-x64@0.149.0", "", { "os": "darwin", "cpu": "x64" }, "sha512-qUcf+jK5c5uvSCH392AOSZKj6fwdYxMC9zwpshIzf0Kpj73RGZciN3E7OG77epVQvh+B/REurBTV+dmywmZwRQ=="],

    "@oxc-transform-react/binding-freebsd-x64": ["@oxc-transform-react/binding-freebsd-x64@0.149.0", "", { "os": "freebsd", "cpu": "x64" }, "sha512-curcmpjfcjNJd+OcvnBAZGWbY5oWNmOduYMrIpRAt+2Vr85BOk6t++bjn1vIJ+0CIOSd86EPNh5H2uEGfrjUpg=="],

    "@oxc-transform-react/binding-linux-arm-gnueabihf": ["@oxc-transform-react/binding-linux-arm-gnueabihf@0.149.0", "", { "os": "linux", "cpu": "arm" }, "sha512-6PsFpEwOLCMLTCH7K9/UaUY9JXimAf3PaVrUKFEKZenBAVByV8Rpk5hK8xFk9+xWA4+a3EckqzgT7VHnTV8POQ=="],

    "@oxc-transform-react/binding-linux-arm-musleabihf": ["@oxc-transform-react/binding-linux-arm-musleabihf@0.149.0", "", { "os": "linux", "cpu": "arm" }, "sha512-Jqnar7VWfwZovsfhJu0cXXOtypQYaEPSrhScNVtAPrWkb8bpuvF2JJ3BebxyvGcXi2MMRMaD9LyyVrBlGfeCFw=="],

    "@oxc-transform-react/binding-linux-arm64-gnu": ["@oxc-transform-react/binding-linux-arm64-gnu@0.149.0", "", { "os": "linux", "cpu": "arm64" }, "sha512-c+pZ8PPe9KpaTvkASe1QK//YxghFVoPTvg/oOQqldBUje04kemIR7ThfvLDfMe36UQ/wm/KYSNmISDJis1DXZQ=="],

    "@oxc-transform-react/binding-linux-arm64-musl": ["@oxc-transform-react/binding-linux-arm64-musl@0.149.0", "", { "os": "linux", "cpu": "arm64" }, "sha512-EUxJd2xsFvNvfMGZIgssLXH7AcsRTCo/2BXUZZOUgyPB59KsnxhQ+KRwi9NeX7YhgLMx6fv+ZuYpCyPs6PIw4A=="],

    "@oxc-transform-react/binding-linux-ppc64-gnu": ["@oxc-transform-react/binding-linux-ppc64-gnu@0.149.0", "", { "os": "linux", "cpu": "ppc64" }, "sha512-+DtOzO4MgQvubmmZRQPpUO6aWffXkrjv3XnenkC9Jf0UMW644o0TRADCfP0Qye+evLv9pEHpiLbI9aH5w6WzpQ=="],

    "@oxc-transform-react/binding-linux-riscv64-gnu": ["@oxc-transform-react/binding-linux-riscv64-gnu@0.149.0", "", { "os": "linux", "cpu": "none" }, "sha512-8s2RVzHkUjDvGM1k9BdVxUvoJUcMQ2yUFH+vJWhb+T/Pwsr0EasHih5YN+zv+Wx/YviiH0gDkqxx2vpInAhQyA=="],

    "@oxc-transform-react/binding-linux-riscv64-musl": ["@oxc-transform-react/binding-linux-riscv64-musl@0.149.0", "", { "os": "linux", "cpu": "none" }, "sha512-S/GBmspvYLfxbT6muuyaguA/9msJvZAaZ1fHrAt+moW6msZyokEnJ/3CvOX15gcXbj93+LSSsusReQpbovHZhQ=="],

    "@oxc-transform-react/binding-linux-s390x-gnu": ["@oxc-transform-react/binding-linux-s390x-gnu@0.149.0", "", { "os": "linux", "cpu": "s390x" }, "sha512-8U+ZC2sqpXxDptpvqQRtompH1ivacHiEUgtsMva8IugCvxcNmd+A7sDtxlOYfNrKPO8ToUPEuWA9qEzJtm6YAg=="],

    "@oxc-transform-react/binding-linux-x64-gnu": ["@oxc-transform-react/binding-linux-x64-gnu@0.149.0", "", { "os": "linux", "cpu": "x64" }, "sha512-RLMKO7f7c/lM5Q3Uw8SFyI7eJ7tPqPjo/3C2EgANvtY3/ySiRSoaxC5OozX/1ATvqO5X75r6TjjPx+lPKsJ11A=="],

    "@oxc-transform-react/binding-linux-x64-musl": ["@oxc-transform-react/binding-linux-x64-musl@0.149.0", "", { "os": "linux", "cpu": "x64" }, "sha512-F3iGtmHwRZa9OCQ43ccod3tQpfWaPiUGRSCjMV7EJK7qWsGqp8fgMxIUIRip/iEXBodIQ9iq4bA4vszhwohRkA=="],

    "@oxc-transform-react/binding-openharmony-arm64": ["@oxc-transform-react/binding-openharmony-arm64@0.149.0", "", { "os": "none", "cpu": "arm64" }, "sha512-+DYaxAGwHkKVIf1+zRS3is8ay2ZADfreYRhLLJ7CbvJqmpE4tjJoIIqjcWmZnRIhZK2+u9GDOfV17byr0nitbw=="],

    "@oxc-transform-react/binding-win32-arm64-msvc": ["@oxc-transform-react/binding-win32-arm64-msvc@0.149.0", "", { "os": "win32", "cpu": "arm64" }, "sha512-F0x4PSnABQzrqjUBQgh5NOCj0uJnRkgeQoULsVADpS0DdKCO4qNIF8PABjAzmx1hl/6Mg/Cs07s5bvTfiRFOUw=="],

    "@oxc-transform-react/binding-win32-ia32-msvc": ["@oxc-transform-react/binding-win32-ia32-msvc@0.149.0", "", { "os": "win32", "cpu": "ia32" }, "sha512-z5Idox/U/jAR5I+uCBgcEK49I0fXsA2+BaQ58xeKl//BDG4tFYnFSBBg24z/PaouDqXJHAi8koimLReFDwoG+A=="],

    "@oxc-transform-react/binding-win32-x64-msvc": ["@oxc-transform-react/binding-win32-x64-msvc@0.149.0", "", { "os": "win32", "cpu": "x64" }, "sha512-g3v1prVeSrseqsRRU44lL8V64yWBkRxcdrY5j80b5OxUjFv643qXv80n1JcS4iH3RbqQylfJFldginKo8XOsIQ=="],

    "@oxfmt/binding-android-arm-eabi": ["@oxfmt/binding-android-arm-eabi@0.70.0", "", { "os": "android", "cpu": "arm" }, "sha512-Xd7YO4/T2axEj6FTLcj4Why3mTBqFMg+x24xtorT4Lb2+1g82090GH0a/4U1m0pABGYiix2bq1pqkYrmV3f0Sw=="],

    "@oxfmt/binding-android-arm64": ["@oxfmt/binding-android-arm64@0.70.0", "", { "os": "android", "cpu": "arm64" }, "sha512-x9rlMYyKXdgKdYyUJzGsK1ZV8P4di/J32ipzcS6Jet6p9r9UAh28neXIMtdlSaJJycdi61Z4YkcLKLpk8ueFjg=="],

    "@oxfmt/binding-darwin-arm64": ["@oxfmt/binding-darwin-arm64@0.70.0", "", { "os": "darwin", "cpu": "arm64" }, "sha512-IUTUPvrBVYy7POh4stXzRdz4IVC/1QSaviCWoyenSlOhGu0X9j5K07vCTM9biLjAA2Zs31l0Rj5vvRpj9n95wA=="],

    "@oxfmt/binding-darwin-x64": ["@oxfmt/binding-darwin-x64@0.70.0", "", { "os": "darwin", "cpu": "x64" }, "sha512-vw745q870oTd6J517O24asoX4/E+eK0nxYIFoedSLqgJ+nI5En7+ZS82iZSHZ69zevQrnOXiyHP01dA+t8xD8w=="],

    "@oxfmt/binding-freebsd-x64": ["@oxfmt/binding-freebsd-x64@0.70.0", "", { "os": "freebsd", "cpu": "x64" }, "sha512-NO14EgSM9dFkcg+MfGPxvsKqXYs9LKaxPrOKXpv1R0rLokGGFDcCq6dBMq18dE4wlpFOovX0UZY2uh1P30O7QA=="],

    "@oxfmt/binding-linux-arm-gnueabihf": ["@oxfmt/binding-linux-arm-gnueabihf@0.70.0", "", { "os": "linux", "cpu": "arm" }, "sha512-139OEhHarj9CYoJ/i9gXlPv4KLBGtLj2toseOWYFf09QwlhklaZk+wW3aOvlqoeZtuayvkoSNVWra7WJ21s3VQ=="],

    "@oxfmt/binding-linux-arm-musleabihf": ["@oxfmt/binding-linux-arm-musleabihf@0.70.0", "", { "os": "linux", "cpu": "arm" }, "sha512-GEh2PY3IWTE0M24eNhTduountANSbWyDmMnzFSQE/nGg/bjPugbUgiGuFu+xdqcQSd/HKSwH80/F2yVVD48yhA=="],

    "@oxfmt/binding-linux-arm64-gnu": ["@oxfmt/binding-linux-arm64-gnu@0.70.0", "", { "os": "linux", "cpu": "arm64" }, "sha512-En5i+UJmZSPxuSf47F2Hl5YOzKB0bicQLnGQkeTCMQ35cWLtbrSwACJKfiLqRZrk05DwSnsJkhBRaM3OURtIaA=="],

    "@oxfmt/binding-linux-arm64-musl": ["@oxfmt/binding-linux-arm64-musl@0.70.0", "", { "os": "linux", "cpu": "arm64" }, "sha512-WWOoV5W9Im3flVwOVrWn/2DUlOF8v5vcCip+kcNuaMpulRCh6nzzt1Su2vcL2F908YJIXNV3HvegbBHuyLwKHg=="],

    "@oxfmt/binding-linux-ppc64-gnu": ["@oxfmt/binding-linux-ppc64-gnu@0.70.0", "", { "os": "linux", "cpu": "ppc64" }, "sha512-YUouneIqW+5n7aE8xx/zeZ6/utr/KH7oykcGoFyd8Uz8uh591T1oKlnoWA3BsRq/ZR42oY1w4MUYvS/0e/MQOA=="],

    "@oxfmt/binding-linux-riscv64-gnu": ["@oxfmt/binding-linux-riscv64-gnu@0.70.0", "", { "os": "linux", "cpu": "none" }, "sha512-iEnMf21S5aGVa4hViDGY8sAQ/AHyCu2JPyrQF8P06wtHhSkD1YJBeT4m/KiGewgf7+a5XCYSCRIPcRQa1xwEoQ=="],

    "@oxfmt/binding-linux-riscv64-musl": ["@oxfmt/binding-linux-riscv64-musl@0.70.0", "", { "os": "linux", "cpu": "none" }, "sha512-91Sdniaj20fQzyMeCxMDzTP4c9s4RB8dGQ308xHhDR0n6U7+1Xq7N9klE7mfXq8iV3lRmIGSXi5X23Hn/0XX/g=="],

    "@oxfmt/binding-linux-s390x-gnu": ["@oxfmt/binding-linux-s390x-gnu@0.70.0", "", { "os": "linux", "cpu": "s390x" }, "sha512-uUV30M6E+2TKKGMaKiwfeL4RZrviHXlUxsrYJ/jFBb+1EZy+pnFT+hF73eeWdzh5NqPOAnw0iiMAIqjqiLZPFg=="],

    "@oxfmt/binding-linux-x64-gnu": ["@oxfmt/binding-linux-x64-gnu@0.70.0", "", { "os": "linux", "cpu": "x64" }, "sha512-ivMcX6kNDPhqtbOaBt/ItFlLlTlXNHLgRuNmxP6Na6UuYXRT10llpJcAPbGeRgjjb3Qzv4jwPp3fB0hui50WNQ=="],

    "@oxfmt/binding-linux-x64-musl": ["@oxfmt/binding-linux-x64-musl@0.70.0", "", { "os": "linux", "cpu": "x64" }, "sha512-w+S+fERxYmlZSyZlJK/U292FjyBoH8cCEj21/tYJX6atX5kNSn+HDkhlFQKT2zcMwUW0uAtUL/bOrlwJZwqRdA=="],

    "@oxfmt/binding-openharmony-arm64": ["@oxfmt/binding-openharmony-arm64@0.70.0", "", { "os": "none", "cpu": "arm64" }, "sha512-Zlom1Xkx257R8bk4ZI4zJsrGno2opknz1+5v5baka3nn4FPyvNSdh8JUL4CdN1S1OWRMvJ9UJQ+RfIqGGCUEfA=="],

    "@oxfmt/binding-win32-arm64-msvc": ["@oxfmt/binding-win32-arm64-msvc@0.70.0", "", { "os": "win32", "cpu": "arm64" }, "sha512-FQgPW5R17vzt7cgrJ8eG/dqX00o2xHsqFeLfw4xzA9FRHpN/DjFo9YDonvIIXGxiEuS9F/jZPnGO+KHNKuCo4Q=="],

    "@oxfmt/binding-win32-ia32-msvc": ["@oxfmt/binding-win32-ia32-msvc@0.70.0", "", { "os": "win32", "cpu": "ia32" }, "sha512-ZfZublNhZ+XBndMiXhkiLlPE+XyGRDa0CweeTL6t1fZypfCh1LTg7e5CvnOeTBunq15MskOcRempumSPGAaCQA=="],

    "@oxfmt/binding-win32-x64-msvc": ["@oxfmt/binding-win32-x64-msvc@0.70.0", "", { "os": "win32", "cpu": "x64" }, "sha512-HlIZEn+WzLQL0DszNzldiRl/DPRCX5R0Vkt6qeUPR1YHwy52hZZo4x6HoTOVmKRP2wUiwPGtKsihNY/f8KRaBg=="],

    "@oxlint/binding-android-arm-eabi": ["@oxlint/binding-android-arm-eabi@1.79.0", "", { "os": "android", "cpu": "arm" }, "sha512-TebFaaMklO/RXzTv7PucaCq9l3X6D1gA+C8H6K4njtjFOV+zWE9MKLpulcJZN9bzytbUbQIY0mZuz12nQ5Kv4Q=="],

    "@oxlint/binding-android-arm64": ["@oxlint/binding-android-arm64@1.79.0", "", { "os": "android", "cpu": "arm64" }, "sha512-KqqnOtAVgNsPPF0YSodkFZA1O80jcKoCZCTu3bgsszxA+MrMP9TLzfXitKjEj1FmrPprKDMdRDMmY3weESO9sg=="],

    "@oxlint/binding-darwin-arm64": ["@oxlint/binding-darwin-arm64@1.79.0", "", { "os": "darwin", "cpu": "arm64" }, "sha512-BVC2nsMzqQzRDPc5RhixkZ+m1p7iH4bxRRvqkbwDXX0PlQKm1BPy8J8cRjnAFafOq2QzI+BfO3vE8w2GZ3CBag=="],

    "@oxlint/binding-darwin-x64": ["@oxlint/binding-darwin-x64@1.79.0", "", { "os": "darwin", "cpu": "x64" }, "sha512-p6Lm+snmhGuLKL1+CpCV8L6ijkE/qJzK2H2jG9+eKJT0n31RbY4FLsdhexekgP3bLpw4Kgde+9DZuDZQ4yIInA=="],

    "@oxlint/binding-freebsd-x64": ["@oxlint/binding-freebsd-x64@1.79.0", "", { "os": "freebsd", "cpu": "x64" }, "sha512-qDMm0dXZnoHyRqSL4N4xUq82T4sqK5cbKSjvd/dF/YbMUXc2R1wEPf+vmA5S0qUmi0nwXfNbjXBtZaIqzQLIMg=="],

    "@oxlint/binding-linux-arm-gnueabihf": ["@oxlint/binding-linux-arm-gnueabihf@1.79.0", "", { "os": "linux", "cpu": "arm" }, "sha512-2od7s0nuKPzqyUZAWk9KkCyGg7eI9dwFPZg+20lB15fKFkVZ0c9ZFxqPfiBAyDTlTkh9stPI0t+JlPCqMbItVA=="],

    "@oxlint/binding-linux-arm-musleabihf": ["@oxlint/binding-linux-arm-musleabihf@1.79.0", "", { "os": "linux", "cpu": "arm" }, "sha512-ZOQUjkzDnvlhSE3+tWC3YXx94MMl+sYMlwH+u1+YGApGHOJP/YAc8ZBRFOXZ6eOBmxtXAWuS/fBcdZr8qqNO1A=="],

    "@oxlint/binding-linux-arm64-gnu": ["@oxlint/binding-linux-arm64-gnu@1.79.0", "", { "os": "linux", "cpu": "arm64" }, "sha512-lu158FR4nGqGeRS3BQvtG85wRgU/Fy4MD5Cxp1hzJXizGiLo6u2742wJSCDKh8cFcZntvX7fcxlq4mMmfryH1g=="],

    "@oxlint/binding-linux-arm64-musl": ["@oxlint/binding-linux-arm64-musl@1.79.0", "", { "os": "linux", "cpu": "arm64" }, "sha512-mbpKQeE2aflTjddaHK7MP8KP/OFbUM++lt5M635ENM8IyIdK0jm2t9pb+2v9mVVIvhF6TqA4l7F79Pll1mi+uw=="],

    "@oxlint/binding-linux-ppc64-gnu": ["@oxlint/binding-linux-ppc64-gnu@1.79.0", "", { "os": "linux", "cpu": "ppc64" }, "sha512-WpGNua7gaxaHnpSDeog2ji8IDHn/QLPl9LPzwkR/FvVv58vT5BcXjRXnU+wbu3N75cpeha8CdC7ho/U2OIsB4g=="],

    "@oxlint/binding-linux-riscv64-gnu": ["@oxlint/binding-linux-riscv64-gnu@1.79.0", "", { "os": "linux", "cpu": "none" }, "sha512-tK1E93A5LVzISg4ngpKJnfTs7EqtIUceGI7MQ4GyDjJiLi8wPCkEyKlj2xkyKWZ1yzkDJyLHTBJ5/iFWRdnJvg=="],

    "@oxlint/binding-linux-riscv64-musl": ["@oxlint/binding-linux-riscv64-musl@1.79.0", "", { "os": "linux", "cpu": "none" }, "sha512-qhQvUIrngXivA2A9pQ+xPCychztn/5qUv7yS3gDwXv3w7Rag+eTeeXWmRyx+t7XsW5x6LuY/8AsTq36UgFIblg=="],

    "@oxlint/binding-linux-s390x-gnu": ["@oxlint/binding-linux-s390x-gnu@1.79.0", "", { "os": "linux", "cpu": "s390x" }, "sha512-sv6AaVgU/eE6u+6WFiQVDcPPwTxP6IJMSB9k701W2r/r6Tx465e8vPvVyRxquNH4Vy6KwRNu90mVbxXJN8+5gg=="],

    "@oxlint/binding-linux-x64-gnu": ["@oxlint/binding-linux-x64-gnu@1.79.0", "", { "os": "linux", "cpu": "x64" }, "sha512-iFZL02deziHslb3jEX9KdqlAkYoo4fGyotchKDzdfK1f5mxlIBeiQeHhvK3iFpuEJSB4ma/qeFn9oxPiwnhUPQ=="],

    "@oxlint/binding-linux-x64-musl": ["@oxlint/binding-linux-x64-musl@1.79.0", "", { "os": "linux", "cpu": "x64" }, "sha512-3DtZR2raqObnh7wXZoFYFd0Fw7skBvcb3f7A+/lkEiDuh8hrE6vv9b/62Qxao1a9/OeHLw/FcXlXzgsW9wTRFg=="],

    "@oxlint/binding-openharmony-arm64": ["@oxlint/binding-openharmony-arm64@1.79.0", "", { "os": "none", "cpu": "arm64" }, "sha512-Oatt4GuA1WJkqzk2ozx4HrWROOi7opV3AKDw/U8qDIqeTqzsjn5K2x3REJMNjU3/KU/Bkq96Zi3CknaiDTaC/Q=="],

    "@oxlint/binding-win32-arm64-msvc": ["@oxlint/binding-win32-arm64-msvc@1.79.0", "", { "os": "win32", "cpu": "arm64" }, "sha512-NAgZr9Qp8nIA9rpo0JEvwiabTF/2UVqBNnupBG9X4kxXcQoScJUTi+qHhvabb9s/thgj5wQ4XcIaJvb+ZMgoKw=="],

    "@oxlint/binding-win32-ia32-msvc": ["@oxlint/binding-win32-ia32-msvc@1.79.0", "", { "os": "win32", "cpu": "ia32" }, "sha512-+KyXjIvcpaXmWW/j9NNY5yWjrIVxaX18VyIheQy3jwc2GSYgpCr7MGI/HxIGQ/shAL5IWEKbhsqoMpAO5Stiog=="],

    "@oxlint/binding-win32-x64-msvc": ["@oxlint/binding-win32-x64-msvc@1.79.0", "", { "os": "win32", "cpu": "x64" }, "sha512-mEelcCMMBS57sIXh2veGMNy+pQwuGtcMxHxGIZWQ5Ba9pJ5jCCUFOZB9E2JhBaxGsURe+WGe0zJp4RVre52gpQ=="],

    "@oxlint/plugins": ["@oxlint/plugins@1.79.0", "", {}, "sha512-S0uyoxakDINJ4DPgqxGlEEvrdSMeQb7Z2lKVjxoY2gwsbZbfg2Xr8Klfeo5ZeraHmmdBCELFUHkSe6KEmBpMvg=="],

    "@shaderfrog/glsl-parser": ["@shaderfrog/glsl-parser@7.0.1", "", {}, "sha512-8mpfsoPeRhesY3pOrzNZBL8uG6N5GVX1EHLBYbd4gzKs+c7vaEIqpTNK5VrffU33qQN4cwpP2v3u4aPPBU32sw=="],

    "@types/esrecurse": ["@types/esrecurse@4.3.1", "", {}, "sha512-xJBAbDifo5hpffDBuHl0Y8ywswbiAp/Wi7Y/GtAgSlZyIABppyurxVueOPE8LUQOxdlgi6Zqce7uoEpqNTeiUw=="],

    "@types/estree": ["@types/estree@1.0.9", "", {}, "sha512-GhdPgy1el4/ImP05X05Uw4cw2/M93BCUmnEvWZNStlCzEKME4Fkk+YpoA5OiHNQmoS7Cafb8Xa3Pya8m1Qrzeg=="],

    "@types/react": ["@types/react@19.2.18", "", { "dependencies": { "csstype": "^3.2.2" } }, "sha512-AnzbBERsrLKtk2XSfTbYRLjQPdy116Sty4q+T+Bp3IC4l6jNBvreVPAHmpq9qhXQM7CXZPjLVmGMw9sy+hxQ3w=="],

    "@types/react-reconciler": ["@types/react-reconciler@0.33.0", "", { "peerDependencies": { "@types/react": "*" } }, "sha512-HZOXsKT0tGI9LlUw2LuedXsVeB88wFa536vVL0M6vE8zN63nI+sSr1ByxmPToP5K5bukaVscyeCJcF9guVNJ1g=="],

    "@types/webidl-conversions": ["@types/webidl-conversions@7.0.3", "", {}, "sha512-CiJJvcRtIgzadHCYXw7dqEnMNRjhGZlYK05Mj9OyktqV8uVT8fD2BFOB7S1uwBE3Kj2Z+4UyPmFw/Ixgw/LAlA=="],

    "@types/whatwg-url": ["@types/whatwg-url@13.0.0", "", { "dependencies": { "@types/webidl-conversions": "*" } }, "sha512-N8WXpbE6Wgri7KUSvrmQcqrMllKZ9uxkYWMt+mCSGwNc0Hsw9VQTW7ApqI4XNrx6/SaM2QQJCzMPDEXE058s+Q=="],

    "@typescript-eslint/types": ["@typescript-eslint/types@8.70.1", "", {}, "sha512-Dm1ypdhhrGCTyyehxElhgJ6kgk8MVCv5qXdoOVqPr1uqk42jX8KjrZqhROvdShczA8qrDoYiOWn1ykWlx2k81Q=="],

    "csstype": ["csstype@3.2.3", "", {}, "sha512-z1HGKcYy2xA8AGQfwrn0PAy+PB7X/GSj3UVJW9qKyn43xWa+gl5nXmU4qqLMRzWVLFC8KusUX8T/0kCiOYpAIQ=="],

    "detect-libc": ["detect-libc@2.1.2", "", {}, "sha512-Btj2BOOO83o3WyH59e8MgXsxEQVcarkUOpEYrubB0urwnN10yQ364rsiByU11nZlqWYZm05i/of7io4mzihBtQ=="],

    "eslint-scope": ["eslint-scope@9.1.2", "", { "dependencies": { "@types/esrecurse": "^4.3.1", "@types/estree": "^1.0.8", "esrecurse": "^4.3.0", "estraverse": "^5.2.0" } }, "sha512-xS90H51cKw0jltxmvmHy2Iai1LIqrfbw57b79w/J7MfvDfkIkFZ+kj6zC3BjtUwh150HsSSdxXZcsuv72miDFQ=="],

    "eslint-visitor-keys": ["eslint-visitor-keys@5.0.1", "", {}, "sha512-tD40eHxA35h0PEIZNeIjkHoDR4YjjJp34biM0mDvplBe//mB+IHCqHDGV7pxF+7MklTvighcCPPZC7ynWyjdTA=="],

    "esrecurse": ["esrecurse@4.3.0", "", { "dependencies": { "estraverse": "^5.2.0" } }, "sha512-KmfKL3b6G+RXvP8N1vr3Tq1kL/oCFgn2NYXEtqP8/L3pKapUA4G8cFVaoF3SU323CD4XypR/ffioHmkti6/Tag=="],

    "estraverse": ["estraverse@5.3.0", "", {}, "sha512-MMdARuVEQziNTeJD8DgMqmhwR11BRQ/cBP+pLtYdSTnf3MIO8fFeiINEbX36ZdNlfU/7A9f3gUw49B3oQsvwBA=="],

    "ink": ["ink@workspace:packages/ink"],

    "ink-counter-example": ["ink-counter-example@workspace:examples/counter"],

    "ink-light-template-example": ["ink-light-template-example@workspace:examples/light-template"],

    "lightningcss": ["lightningcss@1.33.0", "", { "dependencies": { "detect-libc": "^2.0.3" }, "optionalDependencies": { "lightningcss-android-arm64": "1.33.0", "lightningcss-darwin-arm64": "1.33.0", "lightningcss-darwin-x64": "1.33.0", "lightningcss-freebsd-x64": "1.33.0", "lightningcss-linux-arm-gnueabihf": "1.33.0", "lightningcss-linux-arm64-gnu": "1.33.0", "lightningcss-linux-arm64-musl": "1.33.0", "lightningcss-linux-x64-gnu": "1.33.0", "lightningcss-linux-x64-musl": "1.33.0", "lightningcss-win32-arm64-msvc": "1.33.0", "lightningcss-win32-x64-msvc": "1.33.0" } }, "sha512-WkUDrojuJs0xkgGf2udWxa3yGBRxPtxUkB79i6aCZLRgc7PM8fZe9TosfPDcvEpQZbuFASnHYmRLBLUbmLOIIA=="],

    "lightningcss-android-arm64": ["lightningcss-android-arm64@1.33.0", "", { "os": "android", "cpu": "arm64" }, "sha512-gEpRTalKdosp4Bb8qWtc2iOgE5SeIHlpS1up9bFq2wAyYhl1UdTObYiHe98zEM9SQvSoqQZ1IQD0JNpg3Ml5pg=="],

    "lightningcss-darwin-arm64": ["lightningcss-darwin-arm64@1.33.0", "", { "os": "darwin", "cpu": "arm64" }, "sha512-Sciaz8eenNTKn9b3t7+xr0ipTp9YxKQY4npwQ3mrRuL0BAVHBLyZxofhaKBAVtzmtRZ/zTyo0/to4B1uWG/Djg=="],

    "lightningcss-darwin-x64": ["lightningcss-darwin-x64@1.33.0", "", { "os": "darwin", "cpu": "x64" }, "sha512-Z5UPAxzrjlWNNyGy6i65cJzzvgJ5D3T6wMvs+gWpY9d7qRhANrxqAp6LhxIgZhWEw18RfJTGcRxjuLIBr+m8XQ=="],

    "lightningcss-freebsd-x64": ["lightningcss-freebsd-x64@1.33.0", "", { "os": "freebsd", "cpu": "x64" }, "sha512-QQM/Ti/hQajJwCY+RiWuCZ9sdtI/XQk7nDK5vC8kkdwixezOlDgvDx7+RT+QjK6FcFT4MpsuoBnHIo/O3StRRg=="],

    "lightningcss-linux-arm-gnueabihf": ["lightningcss-linux-arm-gnueabihf@1.33.0", "", { "os": "linux", "cpu": "arm" }, "sha512-N7FVBe6iS24MlM6R/4RBTxGhQheZGs7tiQ9U32UtF75NzP5Q7xWPRqLBCKxlRQRk3rY1jCIPLzx7WzOhuUIRLQ=="],

    "lightningcss-linux-arm64-gnu": ["lightningcss-linux-arm64-gnu@1.33.0", "", { "os": "linux", "cpu": "arm64" }, "sha512-j2v/itmy4HlNxlc6voKXYgBqNi0Ng2LShg4z7GufpEgs05P+2suBVyi9I6YHq5uoVFx9ETin3eCEhLVyXGQnKg=="],

    "lightningcss-linux-arm64-musl": ["lightningcss-linux-arm64-musl@1.33.0", "", { "os": "linux", "cpu": "arm64" }, "sha512-yiO5ROMuYQgXbC60yjZU5CYSFZGKXL0HFATXt9mHJn1+zW55oCtMI9NfcVhYLMFDL7gV7oBPon/EmMMGg2OvtQ=="],

    "lightningcss-linux-x64-gnu": ["lightningcss-linux-x64-gnu@1.33.0", "", { "os": "linux", "cpu": "x64" }, "sha512-ar+Ju7LmcN0Jo4FpL4hpFybwNG9/3A/Br5KW2n2jyODg3MEZXaDYADdemoNS+BDNfMgKvylJLj4S5tyRActuAg=="],

    "lightningcss-linux-x64-musl": ["lightningcss-linux-x64-musl@1.33.0", "", { "os": "linux", "cpu": "x64" }, "sha512-RYiYbkokw0trfKqqzfF55lginwEPrD3OJDfTuJzFs1MK6iFnDenaz1fqLLtX4ITG3OktJQXOeTaw1awrBAlZPw=="],

    "lightningcss-win32-arm64-msvc": ["lightningcss-win32-arm64-msvc@1.33.0", "", { "os": "win32", "cpu": "arm64" }, "sha512-1K+MPfLSFVpphzpdbfkhlWk6wBrTObBzS2T6db10PNOZgR9GoVsAWzwNyuhUYYbTp23j+4RrncfujZ4uAzXvwA=="],

    "lightningcss-win32-x64-msvc": ["lightningcss-win32-x64-msvc@1.33.0", "", { "os": "win32", "cpu": "x64" }, "sha512-OlEICDx/Xl0FqSp4bry8zFnCvGpig3Gl4gCquvYwHuqJKEC1+n9NgDniFvqHGmMv1ZkqDJrDqKKSykTDX+ehuA=="],

    "linkify-it": ["linkify-it@6.1.0", "", { "dependencies": { "uc.micro": "^3.0.0" } }, "sha512-wJ/TwpSDTLepCrQoYWYIExIKg5Zchex2Nn5yk2mFnB+6PtdkHtyLx742md9csRjjOnGkKIS/RrbY7l8D6gT9Vw=="],

    "oxc-parser": ["oxc-parser@0.149.0", "", { "dependencies": { "@oxc-project/types": "^0.149.0" }, "optionalDependencies": { "@oxc-parser/binding-android-arm-eabi": "0.149.0", "@oxc-parser/binding-android-arm64": "0.149.0", "@oxc-parser/binding-darwin-arm64": "0.149.0", "@oxc-parser/binding-darwin-x64": "0.149.0", "@oxc-parser/binding-freebsd-x64": "0.149.0", "@oxc-parser/binding-linux-arm-gnueabihf": "0.149.0", "@oxc-parser/binding-linux-arm-musleabihf": "0.149.0", "@oxc-parser/binding-linux-arm64-gnu": "0.149.0", "@oxc-parser/binding-linux-arm64-musl": "0.149.0", "@oxc-parser/binding-linux-ppc64-gnu": "0.149.0", "@oxc-parser/binding-linux-riscv64-gnu": "0.149.0", "@oxc-parser/binding-linux-riscv64-musl": "0.149.0", "@oxc-parser/binding-linux-s390x-gnu": "0.149.0", "@oxc-parser/binding-linux-x64-gnu": "0.149.0", "@oxc-parser/binding-linux-x64-musl": "0.149.0", "@oxc-parser/binding-openharmony-arm64": "0.149.0", "@oxc-parser/binding-win32-arm64-msvc": "0.149.0", "@oxc-parser/binding-win32-ia32-msvc": "0.149.0", "@oxc-parser/binding-win32-x64-msvc": "0.149.0" } }, "sha512-iuirONeHJBp6dFuuZKvkCfFvBiF0uFmojIQooGtazR9+GvcwoayGMtal1+cvDUnEw2k435GBish01HOn5iyVqQ=="],

    "oxc-transform-react": ["oxc-transform-react@0.149.0", "", { "optionalDependencies": { "@oxc-transform-react/binding-android-arm-eabi": "0.149.0", "@oxc-transform-react/binding-android-arm64": "0.149.0", "@oxc-transform-react/binding-darwin-arm64": "0.149.0", "@oxc-transform-react/binding-darwin-x64": "0.149.0", "@oxc-transform-react/binding-freebsd-x64": "0.149.0", "@oxc-transform-react/binding-linux-arm-gnueabihf": "0.149.0", "@oxc-transform-react/binding-linux-arm-musleabihf": "0.149.0", "@oxc-transform-react/binding-linux-arm64-gnu": "0.149.0", "@oxc-transform-react/binding-linux-arm64-musl": "0.149.0", "@oxc-transform-react/binding-linux-ppc64-gnu": "0.149.0", "@oxc-transform-react/binding-linux-riscv64-gnu": "0.149.0", "@oxc-transform-react/binding-linux-riscv64-musl": "0.149.0", "@oxc-transform-react/binding-linux-s390x-gnu": "0.149.0", "@oxc-transform-react/binding-linux-x64-gnu": "0.149.0", "@oxc-transform-react/binding-linux-x64-musl": "0.149.0", "@oxc-transform-react/binding-openharmony-arm64": "0.149.0", "@oxc-transform-react/binding-win32-arm64-msvc": "0.149.0", "@oxc-transform-react/binding-win32-ia32-msvc": "0.149.0", "@oxc-transform-react/binding-win32-x64-msvc": "0.149.0" } }, "sha512-ab3dxcPtkDSfIR9tNdxHUtmpdL0lhHndsBD9IUAU5BxtJtwGG/85NnRzs2f2KwouNkHl7caSswMLQeUvw3FERw=="],

    "oxfmt": ["oxfmt@0.70.0", "", { "dependencies": { "tinypool": "2.1.2" }, "optionalDependencies": { "@oxfmt/binding-android-arm-eabi": "0.70.0", "@oxfmt/binding-android-arm64": "0.70.0", "@oxfmt/binding-darwin-arm64": "0.70.0", "@oxfmt/binding-darwin-x64": "0.70.0", "@oxfmt/binding-freebsd-x64": "0.70.0", "@oxfmt/binding-linux-arm-gnueabihf": "0.70.0", "@oxfmt/binding-linux-arm-musleabihf": "0.70.0", "@oxfmt/binding-linux-arm64-gnu": "0.70.0", "@oxfmt/binding-linux-arm64-musl": "0.70.0", "@oxfmt/binding-linux-ppc64-gnu": "0.70.0", "@oxfmt/binding-linux-riscv64-gnu": "0.70.0", "@oxfmt/binding-linux-riscv64-musl": "0.70.0", "@oxfmt/binding-linux-s390x-gnu": "0.70.0", "@oxfmt/binding-linux-x64-gnu": "0.70.0", "@oxfmt/binding-linux-x64-musl": "0.70.0", "@oxfmt/binding-openharmony-arm64": "0.70.0", "@oxfmt/binding-win32-arm64-msvc": "0.70.0", "@oxfmt/binding-win32-ia32-msvc": "0.70.0", "@oxfmt/binding-win32-x64-msvc": "0.70.0" }, "peerDependencies": { "svelte": "^5.0.0", "vite-plus": "*" }, "optionalPeers": ["svelte", "vite-plus"], "bin": { "oxfmt": "bin/oxfmt" } }, "sha512-IsHxZ4y0wQLLMhnrJblBJgZsLDzfULrJnAw5j/QqsTlMa/m3AqsbToi+W71uhBGaqlqq/PbbjvHc09TJwdv3Tw=="],

    "oxlint": ["oxlint@1.79.0", "", { "optionalDependencies": { "@oxlint/binding-android-arm-eabi": "1.79.0", "@oxlint/binding-android-arm64": "1.79.0", "@oxlint/binding-darwin-arm64": "1.79.0", "@oxlint/binding-darwin-x64": "1.79.0", "@oxlint/binding-freebsd-x64": "1.79.0", "@oxlint/binding-linux-arm-gnueabihf": "1.79.0", "@oxlint/binding-linux-arm-musleabihf": "1.79.0", "@oxlint/binding-linux-arm64-gnu": "1.79.0", "@oxlint/binding-linux-arm64-musl": "1.79.0", "@oxlint/binding-linux-ppc64-gnu": "1.79.0", "@oxlint/binding-linux-riscv64-gnu": "1.79.0", "@oxlint/binding-linux-riscv64-musl": "1.79.0", "@oxlint/binding-linux-s390x-gnu": "1.79.0", "@oxlint/binding-linux-x64-gnu": "1.79.0", "@oxlint/binding-linux-x64-musl": "1.79.0", "@oxlint/binding-openharmony-arm64": "1.79.0", "@oxlint/binding-win32-arm64-msvc": "1.79.0", "@oxlint/binding-win32-ia32-msvc": "1.79.0", "@oxlint/binding-win32-x64-msvc": "1.79.0" }, "peerDependencies": { "oxlint-tsgolint": ">=7.0.2001", "vite-plus": "*" }, "optionalPeers": ["oxlint-tsgolint", "vite-plus"], "bin": { "oxlint": "bin/oxlint" } }, "sha512-hVJ9hq9m2unPS+Of4eJJgCPdIeCC+3DHEUX3tkmrPJr3OK2hz7PhXwgC+ZP71ZcYu8cCDEtQrqLxWNvxBppBVg=="],

    "oxlint-plugin-react-doctor": ["oxlint-plugin-react-doctor@0.9.12", "", { "dependencies": { "@shaderfrog/glsl-parser": "^7.0.1", "@typescript-eslint/types": "^8.59.3", "eslint-scope": "^9.1.2", "eslint-visitor-keys": "^5.0.1", "lightningcss": "^1.33.0", "oxc-parser": "^0.143.0" } }, "sha512-BplcCUU/tGByFGgY1YIax6evUmjk0K8zOGGrdPs3A3dqamrzjUvVuJdYpM1Ftyt/B5fFx6+VwRrWi3YZbIz4VQ=="],

    "punycode": ["punycode@2.3.1", "", {}, "sha512-vYt7UD1U9Wg6138shLtLOvdAu+8DsC/ilFtEVHcH+wydcSpNE20AfSOduf6MkRFahL5FY7X1oU7nKVZFtfq8Fg=="],

    "react": ["react@19.2.8", "", {}, "sha512-PWaYA1L/q9u2u7xYQi+Y3L3Yfnie7XyLeaJICV1MGD6LprsBxcAqGjYyr0eY3p+QdsA+x/Irkt4Qif8D63+Sbw=="],

    "react-reconciler": ["react-reconciler@0.33.0", "", { "dependencies": { "scheduler": "^0.27.0" }, "peerDependencies": { "react": "^19.2.0" } }, "sha512-KetWRytFv1epdpJc3J4G75I4WrplZE5jOL7Yq0p34+OVOKF4Se7WrdIdVC45XsSSmUTlht2FM/fM1FZb1mfQeA=="],

    "react-refresh": ["react-refresh@0.18.0", "", {}, "sha512-QgT5//D3jfjJb6Gsjxv0Slpj23ip+HtOpnNgnb2S5zU3CB26G/IDPGoy4RJB42wzFE46DRsstbW6tKHoKbhAxw=="],

    "scheduler": ["scheduler@0.27.0", "", {}, "sha512-eNv+WrVbKu1f3vbYJT/xtiF5syA5HPIMtf9IgY/nKg0sWqzAUEvqY/xm7OcZc/qafLx/iO9FgOmeSAp4v5ti/Q=="],

    "tinypool": ["tinypool@2.1.2", "", {}, "sha512-9YodfrxS9g9IbFr/KOjE5bAeJ0p61n3bW6mqvy0jtoeKd1kTW1Cxm0oulm6KX2lyM9Gl6WIe8nEbY7LWv5ZJww=="],

    "tr46": ["tr46@5.1.1", "", { "dependencies": { "punycode": "^2.3.1" } }, "sha512-hdF5ZgjTqgAntKkklYw0R03MG2x/bSzTtkxmIRw/sTNV8YXsCJ1tfLAX23lhxhHJlEf3CRCOCGGWw3vI3GaSPw=="],

    "typescript": ["typescript@5.9.3", "", { "bin": { "tsc": "bin/tsc", "tsserver": "bin/tsserver" } }, "sha512-jl1vZzPDinLr9eUt3J/t7V6FgNEw9QjvBPdysz9KfQDD41fQrC2Y4vKQdiaUpFT4bXlb1RHhLpp8wtm6M5TgSw=="],

    "uc.micro": ["uc.micro@3.0.0", "", {}, "sha512-U3PppEkleoTnIfi8BozMx3yju3qc/L6SwqWo2Sw+54PX+PX0q9I+r1Um5HCmqD7n9VDX5/v3vQH/AjA6deDdtw=="],

    "valibot": ["valibot@1.5.0", "", { "peerDependencies": { "typescript": ">=5" }, "optionalPeers": ["typescript"] }, "sha512-nil6AkP2TChWL43Z5uJ6GTxX01CUA+g8LWUM+N/rB9NBbkUMaUsi9PUNzlUPgoKASgmx9f7eGOYpJ04/fSa6FQ=="],

    "web-streams-polyfill": ["web-streams-polyfill@4.3.0", "", {}, "sha512-/Gnggvj9oSrEvJbDyyPtAnxBt5fGQM2iWOKQNu7ie1OxDgK40iZpyV3TKaRiEzVj1oA1UxKnEy9XPXh6PW3eVw=="],

    "webidl-conversions": ["webidl-conversions@7.0.0", "", {}, "sha512-VwddBukDzu71offAQR975unBIGqfKZpM+8ZX6ySk8nYhVoo5CYaZyzt3YBvYtRtO+aoGlqxPg/B87NGVZ/fu6g=="],

    "whatwg-url": ["whatwg-url@14.2.0", "", { "dependencies": { "tr46": "^5.1.0", "webidl-conversions": "^7.0.0" } }, "sha512-De72GdQZzNTUBBChsXueQUnPKDkg/5A5zp7pFDuQAj5UFoENpiACU0wlCvzpAGnTkj++ihpKwKyYewn/XNUbKw=="],

    "oxlint-plugin-react-doctor/oxc-parser": ["oxc-parser@0.143.0", "", { "dependencies": { "@oxc-project/types": "^0.143.0" }, "optionalDependencies": { "@oxc-parser/binding-android-arm-eabi": "0.143.0", "@oxc-parser/binding-android-arm64": "0.143.0", "@oxc-parser/binding-darwin-arm64": "0.143.0", "@oxc-parser/binding-darwin-x64": "0.143.0", "@oxc-parser/binding-freebsd-x64": "0.143.0", "@oxc-parser/binding-linux-arm-gnueabihf": "0.143.0", "@oxc-parser/binding-linux-arm-musleabihf": "0.143.0", "@oxc-parser/binding-linux-arm64-gnu": "0.143.0", "@oxc-parser/binding-linux-arm64-musl": "0.143.0", "@oxc-parser/binding-linux-ppc64-gnu": "0.143.0", "@oxc-parser/binding-linux-riscv64-gnu": "0.143.0", "@oxc-parser/binding-linux-riscv64-musl": "0.143.0", "@oxc-parser/binding-linux-s390x-gnu": "0.143.0", "@oxc-parser/binding-linux-x64-gnu": "0.143.0", "@oxc-parser/binding-linux-x64-musl": "0.143.0", "@oxc-parser/binding-openharmony-arm64": "0.143.0", "@oxc-parser/binding-win32-arm64-msvc": "0.143.0", "@oxc-parser/binding-win32-ia32-msvc": "0.143.0", "@oxc-parser/binding-win32-x64-msvc": "0.143.0" } }, "sha512-ov0NzaDCOInknS7mP1cwKdJERt3utPW8ldjtdUXQ8Ty0GEFD08wk422vCUN0d7pST6kqtV7dxoI9w1Zi0l/9TA=="],

    "oxlint-plugin-react-doctor/oxc-parser/@oxc-parser/binding-android-arm-eabi": ["@oxc-parser/binding-android-arm-eabi@0.143.0", "", { "os": "android", "cpu": "arm" }, "sha512-n9uozULWflPqBtdmI8lAabLqGKNgLVNN0ZH8HfgCwpKGNtzRzauB76jTiW/3YLkcA7N1zskpi9GdVnZuu1SAvg=="],

    "oxlint-plugin-react-doctor/oxc-parser/@oxc-parser/binding-android-arm64": ["@oxc-parser/binding-android-arm64@0.143.0", "", { "os": "android", "cpu": "arm64" }, "sha512-9BbdjHETk6O3zH/DDid9IgBtF0GlpLabNKN231uraXpRDSfY+iiZxTP5bk1Z63GBownVdhdINFIeddmMz4MzpQ=="],

    "oxlint-plugin-react-doctor/oxc-parser/@oxc-parser/binding-darwin-arm64": ["@oxc-parser/binding-darwin-arm64@0.143.0", "", { "os": "darwin", "cpu": "arm64" }, "sha512-gh+6ecoHUy4/sUcolBl/1qPXKBbYNxFY0Pk0ujgQvINTMSftJY7o4yb8gOkDJPeZeB8+a+u7xTe6umoP8N5HFA=="],

    "oxlint-plugin-react-doctor/oxc-parser/@oxc-parser/binding-darwin-x64": ["@oxc-parser/binding-darwin-x64@0.143.0", "", { "os": "darwin", "cpu": "x64" }, "sha512-qd1hl2d+lXgHv/VQ/M9qm8TrMC5T4RqDBwtOnl+1D0QMjwcz+8AaB4JSg8STgeag0GP6a6L74XEGAsrTSJWNzQ=="],

    "oxlint-plugin-react-doctor/oxc-parser/@oxc-parser/binding-freebsd-x64": ["@oxc-parser/binding-freebsd-x64@0.143.0", "", { "os": "freebsd", "cpu": "x64" }, "sha512-M5XXcNa7aOqLPKTR41msfghKu2yQ4xWvCm11/gwU0JzOzHNk5sgW//rVEjJ+LO48+VDAMzXTSzurUVxIDKwozw=="],

    "oxlint-plugin-react-doctor/oxc-parser/@oxc-parser/binding-linux-arm-gnueabihf": ["@oxc-parser/binding-linux-arm-gnueabihf@0.143.0", "", { "os": "linux", "cpu": "arm" }, "sha512-T/GXusuOkPNQhCQCSBbcU/N8j0rAypuDBl1IyFK+lyYT594XsVz80clPC/OtbSSpBGyJxj8uYEfctxVuxVYoww=="],

    "oxlint-plugin-react-doctor/oxc-parser/@oxc-parser/binding-linux-arm-musleabihf": ["@oxc-parser/binding-linux-arm-musleabihf@0.143.0", "", { "os": "linux", "cpu": "arm" }, "sha512-oKu4RcBlXSqo3OC62dp6YTnQaZIurNDpCX3BnAM3+bJxt7s8J2TJKMnC0UYer1qhlRaDCg6wkTaTw+2IlsZ12w=="],

    "oxlint-plugin-react-doctor/oxc-parser/@oxc-parser/binding-linux-arm64-gnu": ["@oxc-parser/binding-linux-arm64-gnu@0.143.0", "", { "os": "linux", "cpu": "arm64" }, "sha512-WJBbD186AZmMGaSIhlktC+rPl8L3peCTXAh88Ih9uEvK0en2mPojGyCGYiL6mHtV1RPV3JyfJW5t6n5hh0lXhA=="],

    "oxlint-plugin-react-doctor/oxc-parser/@oxc-parser/binding-linux-arm64-musl": ["@oxc-parser/binding-linux-arm64-musl@0.143.0", "", { "os": "linux", "cpu": "arm64" }, "sha512-t1AcYOwEzgceadT4v5e+vaCCb0AncCA3v5AyzfBAz/tMq11qzVccXKzNHtkWdjBsgvTKwRkaUF3QvT4kot8vcQ=="],

    "oxlint-plugin-react-doctor/oxc-parser/@oxc-parser/binding-linux-ppc64-gnu": ["@oxc-parser/binding-linux-ppc64-gnu@0.143.0", "", { "os": "linux", "cpu": "ppc64" }, "sha512-RsnO/NoD8376LMJq8JS8TwI0ieNaFRTuNe2GVJntQg6gwZNMENZsEbknHdVwjpOmxdGLGodcwaGSbAeRr5Bgjw=="],

    "oxlint-plugin-react-doctor/oxc-parser/@oxc-parser/binding-linux-riscv64-gnu": ["@oxc-parser/binding-linux-riscv64-gnu@0.143.0", "", { "os": "linux", "cpu": "none" }, "sha512-48fSVfR9TZi5CASZFyv0VC6z6BCoeihFsX031mAD/oSH7d9PYsPgIqza7d9mjP7Z2KTEpTFyH6SIu0Ui6R1vdg=="],

    "oxlint-plugin-react-doctor/oxc-parser/@oxc-parser/binding-linux-riscv64-musl": ["@oxc-parser/binding-linux-riscv64-musl@0.143.0", "", { "os": "linux", "cpu": "none" }, "sha512-T8CpdD+SfE01DnIOD4HpVxu0ZJOfMJ/VhCvikKfaXAxkZ+9veyLM/D2hpi7Y2hFUyPmVQO3FNZHmYzV/WlVR4g=="],

    "oxlint-plugin-react-doctor/oxc-parser/@oxc-parser/binding-linux-s390x-gnu": ["@oxc-parser/binding-linux-s390x-gnu@0.143.0", "", { "os": "linux", "cpu": "s390x" }, "sha512-QLdeMsCcacenPEFsfxnBUDF1y6opyz5+fmOz9bfD5Y7fiGCMupUCuB3KTPQhNwshIG1P9fPqar9MHxuBDd4bwQ=="],

    "oxlint-plugin-react-doctor/oxc-parser/@oxc-parser/binding-linux-x64-gnu": ["@oxc-parser/binding-linux-x64-gnu@0.143.0", "", { "os": "linux", "cpu": "x64" }, "sha512-659ujfqLy6k7cuH3sbzhd8b+ztSq+i6E2E9pG78Q0BmHjAExfGIdgc8cGgMdwAozDXeZFHkJ+LXYJdWsaGdgyw=="],

    "oxlint-plugin-react-doctor/oxc-parser/@oxc-parser/binding-linux-x64-musl": ["@oxc-parser/binding-linux-x64-musl@0.143.0", "", { "os": "linux", "cpu": "x64" }, "sha512-/Mw/9j4TfZcnKphPrzOE6t4MMknXadcAAuVUlDRTF/ETWB5xOgQvOJV2Mh9We/bWxZdoxaGAdc+hy4GuYwQ2yQ=="],

    "oxlint-plugin-react-doctor/oxc-parser/@oxc-parser/binding-openharmony-arm64": ["@oxc-parser/binding-openharmony-arm64@0.143.0", "", { "os": "none", "cpu": "arm64" }, "sha512-8rIKWR2BFuifbIK/1XB9wTaSdtuJ25dlE7ZQYDnEwj/2xH2vHsxnvIjHT3ZjSVuLLwGGlSslIG/fbOJ8TV8rTw=="],

    "oxlint-plugin-react-doctor/oxc-parser/@oxc-parser/binding-win32-arm64-msvc": ["@oxc-parser/binding-win32-arm64-msvc@0.143.0", "", { "os": "win32", "cpu": "arm64" }, "sha512-5U9kQYMfRRI6Zq7KDxgbIP0RMnKrfn3gLepRMgJuRkPSUALTiRCk9d/uyhb4lGDjUdzwK7mBkKqhLgzBPCmLpQ=="],

    "oxlint-plugin-react-doctor/oxc-parser/@oxc-parser/binding-win32-ia32-msvc": ["@oxc-parser/binding-win32-ia32-msvc@0.143.0", "", { "os": "win32", "cpu": "ia32" }, "sha512-25P7AaHk4R88Yv2XH4gToDVmh0cOu+bEURQU10CRrmvgabfRArSGAP5osmwUKeSUHj0VS50upbpbRWWW/m7mHA=="],

    "oxlint-plugin-react-doctor/oxc-parser/@oxc-parser/binding-win32-x64-msvc": ["@oxc-parser/binding-win32-x64-msvc@0.143.0", "", { "os": "win32", "cpu": "x64" }, "sha512-ORMh3JE1s6V7ySicdRK7vgaDQnn5o+UHg9ct989PlWHbel8O9ARrmWXM6kZjrBMtNucxNayQ8g69G0VfWzhANw=="],

    "oxlint-plugin-react-doctor/oxc-parser/@oxc-project/types": ["@oxc-project/types@0.143.0", "", {}, "sha512-u6JZdLBTLotrNC9Vd6vPssINdzcCzleKAH6EJKImQb7GtYvX5keN2dxkoK44stCc4tffE6QQRtZTXVSzsLUlWA=="],
  }
}
