{
  "lockfileVersion": 2,
  "configVersion": 1,
  "workspaces": {
    "": {
      "name": "ink-workspace",
      "devDependencies": {
        "@jridgewell/remapping": "2.3.5",
        "@types/react": "19.2.18",
        "@types/react-reconciler": "0.33.0",
        "oxc-parser": "0.149.0",
        "oxc-transform-react": "0.149.0",
        "react-refresh": "0.18.0",
        "typescript": "5.9.3",
      },
    },
    "benchmarks/apps/ink-counter": {
      "name": "ink-counter-benchmark",
      "dependencies": {
        "ink": "workspace:*",
        "react": "19.2.8",
      },
    },
    "benchmarks/apps/ink-scroll": {
      "name": "ink-scroll-benchmark",
      "dependencies": {
        "ink": "workspace:*",
        "react": "19.2.8",
      },
    },
    "benchmarks/apps/ink-stress": {
      "name": "ink-stress-benchmark",
      "dependencies": {
        "ink": "workspace:*",
        "react": "19.2.8",
      },
    },
    "examples/counter": {
      "name": "ink-counter-example",
      "dependencies": {
        "ink": "workspace:*",
        "react": "19.2.8",
      },
    },
    "examples/light-template": {
      "name": "ink-light-template-example",
      "dependencies": {
        "@ink/audio": "workspace:*",
        "@ink/auth": "workspace:*",
        "@ink/background": "workspace:*",
        "@ink/barcode": "workspace:*",
        "@ink/camera": "workspace:*",
        "@ink/files": "workspace:*",
        "@ink/lightos": "workspace:*",
        "@ink/location": "workspace:*",
        "@ink/maps": "workspace:*",
        "@ink/network": "workspace:*",
        "@ink/nfc": "workspace:*",
        "@ink/notifications": "workspace:*",
        "@ink/secure-store": "workspace:*",
        "@ink/store": "workspace:*",
        "ink": "workspace:*",
        "react": "19.2.8",
      },
      "devDependencies": {
        "@types/react": "19.2.18",
        "@types/react-reconciler": "0.33.0",
        "typescript": "5.9.3",
      },
    },
    "examples/tuner": {
      "name": "ink-tuner-example",
      "dependencies": {
        "@ink/audio": "workspace:*",
        "@ink/lightos": "workspace:*",
        "@ink/store": "workspace:*",
        "ink": "workspace:*",
        "react": "19.2.8",
      },
    },
    "examples/weather": {
      "name": "ink-weather-example",
      "dependencies": {
        "@ink/lightos": "workspace:*",
        "@ink/location": "workspace:*",
        "@ink/network": "workspace:*",
        "@ink/store": "workspace:*",
        "ink": "workspace:*",
        "react": "19.2.8",
      },
      "devDependencies": {
        "@types/react": "19.2.18",
        "@types/react-reconciler": "0.33.0",
        "typescript": "5.9.3",
      },
    },
    "packages/audio": {
      "name": "@ink/audio",
      "version": "0.1.0",
      "peerDependencies": {
        "@ink/files": "0.1.0",
        "ink": "0.0.0",
        "react": "19.2.8",
      },
    },
    "packages/auth": {
      "name": "@ink/auth",
      "version": "0.0.0",
      "peerDependencies": {
        "ink": "0.0.0",
      },
    },
    "packages/background": {
      "name": "@ink/background",
      "version": "0.1.0",
      "peerDependencies": {
        "ink": "0.0.0",
      },
    },
    "packages/barcode": {
      "name": "@ink/barcode",
      "version": "0.0.0",
      "peerDependencies": {
        "@ink/camera": "0.1.0",
        "ink": "0.0.0",
        "react": "19.2.8",
      },
    },
    "packages/camera": {
      "name": "@ink/camera",
      "version": "0.1.0",
      "peerDependencies": {
        "@ink/files": "0.1.0",
        "ink": "0.0.0",
        "react": "19.2.8",
      },
    },
    "packages/clipboard": {
      "name": "@ink/clipboard",
      "version": "0.0.0",
      "peerDependencies": {
        "ink": "0.0.0",
      },
    },
    "packages/files": {
      "name": "@ink/files",
      "version": "0.1.0",
      "dependencies": {
        "@ink/lightos": "workspace:*",
      },
      "peerDependencies": {
        "ink": "0.0.0",
        "react": "19.2.8",
      },
    },
    "packages/ink": {
      "name": "ink",
      "version": "0.0.0",
      "dependencies": {
        "react-reconciler": "0.33.0",
      },
      "peerDependencies": {
        "react": "19.2.8",
      },
    },
    "packages/lightos": {
      "name": "@ink/lightos",
      "version": "0.1.0",
      "peerDependencies": {
        "ink": "0.0.0",
        "react": "19.2.8",
      },
    },
    "packages/location": {
      "name": "@ink/location",
      "version": "0.1.0",
      "peerDependencies": {
        "ink": "0.0.0",
      },
    },
    "packages/maps": {
      "name": "@ink/maps",
      "version": "0.1.0",
      "peerDependencies": {
        "ink": "0.0.0",
        "react": "19.2.8",
      },
    },
    "packages/network": {
      "name": "@ink/network",
      "version": "0.1.0",
      "dependencies": {
        "@types/whatwg-url": "13.0.0",
        "base64-js": "1.5.1",
        "web-streams-polyfill": "4.3.0",
        "whatwg-url": "14.2.0",
      },
      "peerDependencies": {
        "@ink/files": "0.1.0",
        "ink": "0.0.0",
      },
    },
    "packages/nfc": {
      "name": "@ink/nfc",
      "version": "0.1.0",
      "peerDependencies": {
        "ink": "0.0.0",
      },
    },
    "packages/notifications": {
      "name": "@ink/notifications",
      "version": "0.1.0",
      "peerDependencies": {
        "ink": "0.0.0",
        "react": "19.2.8",
      },
    },
    "packages/secure-store": {
      "name": "@ink/secure-store",
      "version": "0.0.0",
      "peerDependencies": {
        "ink": "0.0.0",
      },
    },
    "packages/store": {
      "name": "@ink/store",
      "version": "0.0.0",
      "peerDependencies": {
        "ink": "0.0.0",
      },
    },
  },
  "packages": {
    "@ink/audio": ["@ink/audio@workspace:packages/audio"],

    "@ink/auth": ["@ink/auth@workspace:packages/auth"],

    "@ink/background": ["@ink/background@workspace:packages/background"],

    "@ink/barcode": ["@ink/barcode@workspace:packages/barcode"],

    "@ink/camera": ["@ink/camera@workspace:packages/camera"],

    "@ink/clipboard": ["@ink/clipboard@workspace:packages/clipboard"],

    "@ink/files": ["@ink/files@workspace:packages/files"],

    "@ink/lightos": ["@ink/lightos@workspace:packages/lightos"],

    "@ink/location": ["@ink/location@workspace:packages/location"],

    "@ink/maps": ["@ink/maps@workspace:packages/maps"],

    "@ink/network": ["@ink/network@workspace:packages/network"],

    "@ink/nfc": ["@ink/nfc@workspace:packages/nfc"],

    "@ink/notifications": ["@ink/notifications@workspace:packages/notifications"],

    "@ink/secure-store": ["@ink/secure-store@workspace:packages/secure-store"],

    "@ink/store": ["@ink/store@workspace:packages/store"],

    "@jridgewell/gen-mapping": ["@jridgewell/gen-mapping@0.3.13", "", { "dependencies": { "@jridgewell/sourcemap-codec": "^1.5.0", "@jridgewell/trace-mapping": "^0.3.24" } }, "sha512-2kkt/7niJ6MgEPxF0bYdQ6etZaA+fQvDcLKckhy1yIQOzaoKjBBjSj63/aLVjYE3qhRt5dvM+uUyfCg6UKCBbA=="],

    "@jridgewell/remapping": ["@jridgewell/remapping@2.3.5", "", { "dependencies": { "@jridgewell/gen-mapping": "^0.3.5", "@jridgewell/trace-mapping": "^0.3.24" } }, "sha512-LI9u/+laYG4Ds1TDKSJW2YPrIlcVYOwi2fUC6xB43lueCjgxV4lffOCZCtYFiH6TNOX+tQKXx97T4IKHbhyHEQ=="],

    "@jridgewell/resolve-uri": ["@jridgewell/resolve-uri@3.1.2", "", {}, "sha512-bRISgCIjP20/tbWSPWMEi54QVPRZExkuD9lJL+UIxUKtwVJA8wW1Trb1jMs1RFXo1CBTNZ/5hpC9QvmKWdopKw=="],

    "@jridgewell/sourcemap-codec": ["@jridgewell/sourcemap-codec@1.6.0", "", {}, "sha512-T7jf+5zgsZHwNJ4lvQ7/aezbyk0nNX+zJVWpmHA7VYsEx7a7qr5Rg5IbtJFqkgze5Y2sruq1RUY8Q837Od7iFw=="],

    "@jridgewell/trace-mapping": ["@jridgewell/trace-mapping@0.3.31", "", { "dependencies": { "@jridgewell/resolve-uri": "^3.1.0", "@jridgewell/sourcemap-codec": "^1.4.14" } }, "sha512-zzNR+SdQSDJzc8joaeP8QQoCQr8NuYx2dIIytl1QeBEZHJ9uW6hebsrYgbz8hJwUQao3TWCMtmfV8Nu1twOLAw=="],

    "@oxc-parser/binding-android-arm-eabi": ["@oxc-parser/binding-android-arm-eabi@0.149.0", "", { "os": "android", "cpu": "arm" }, "sha512-OQmN5XYQ/GNRkbU0Ksb2QSaHOgKWhFw7Bz6lJvANBdwVkLzTlcHXDLj62XrNPtUf3pDxRBr7OoHJrKhHYOb9iA=="],

    "@oxc-parser/binding-android-arm64": ["@oxc-parser/binding-android-arm64@0.149.0", "", { "os": "android", "cpu": "arm64" }, "sha512-M7nHwfHY2Xv5Rm1iygvyOTPXrD4d5WRVw+C8eItLwoipzQBnkUMmwh3jvuGLBio2BGetfIH0F7J3Afb1Qn9dJg=="],

    "@oxc-parser/binding-darwin-arm64": ["@oxc-parser/binding-darwin-arm64@0.149.0", "", { "os": "darwin", "cpu": "arm64" }, "sha512-h6NrhqRAVKbgzfShjHoBgjeJ1vQR2o6iNM6/t8JCSej1XRKJyraV08Zz7ey6SsjPzof4ecp48Upg2vidqoDgtQ=="],

    "@oxc-parser/binding-darwin-x64": ["@oxc-parser/binding-darwin-x64@0.149.0", "", { "os": "darwin", "cpu": "x64" }, "sha512-+WRRZeFYqVznJEEttiWNcI43Ij2iD0yphmMFkAuKNOQTyXQ+lLCAVW6aVLOD6nPO6FOymW7HtDh5KmnxZPi/2A=="],

    "@oxc-parser/binding-freebsd-x64": ["@oxc-parser/binding-freebsd-x64@0.149.0", "", { "os": "freebsd", "cpu": "x64" }, "sha512-kG0YUZj/4hdHBQDtIr2UZ7Nyxy3M5Et+w3A0V0eefRgtQWE4wJrNflBJMJfwFPiwMLPlPL6qJR+5JdeIqhzW/g=="],

    "@oxc-parser/binding-linux-arm-gnueabihf": ["@oxc-parser/binding-linux-arm-gnueabihf@0.149.0", "", { "os": "linux", "cpu": "arm" }, "sha512-gOD5NhD8DG7aJ8CLZ+ve5xoDq0y0J0zKZSfkfMGfk96XLhu21IzSFvjpEvVUGodD7Yyy3Tr9rNdiPEdZjkuRqQ=="],

    "@oxc-parser/binding-linux-arm-musleabihf": ["@oxc-parser/binding-linux-arm-musleabihf@0.149.0", "", { "os": "linux", "cpu": "arm" }, "sha512-UtPYQkciY1NzYRtfKBopYfOjSxPFFVyprs0iH+Z5KZKNv9at/71pGd2KNrlmALhRcNocnxEsc+KuhY3nUlhIxg=="],

    "@oxc-parser/binding-linux-arm64-gnu": ["@oxc-parser/binding-linux-arm64-gnu@0.149.0", "", { "os": "linux", "cpu": "arm64" }, "sha512-3jWkwykjJJegMD+5dU9n30mzwvTLi99fkUqHU9Pqdzw3fIVfyn6ZnjOl8l053jogr0BGQPxagTjIKBksp288eQ=="],

    "@oxc-parser/binding-linux-arm64-musl": ["@oxc-parser/binding-linux-arm64-musl@0.149.0", "", { "os": "linux", "cpu": "arm64" }, "sha512-H7n8zPxnLVI0pkutAxyXJNE/IaCuCJS6ghgv2cl8IDIgXCDZWjG/Bs8rF8BHKQ9gsOpA4m+T4lFaFAdnGuk/cw=="],

    "@oxc-parser/binding-linux-ppc64-gnu": ["@oxc-parser/binding-linux-ppc64-gnu@0.149.0", "", { "os": "linux", "cpu": "ppc64" }, "sha512-aByOTCdLYp8FjwAUUmN7YYjAmPJ/9t0I1ACuhAkYun87fajIHbwuZ/opaBk0Pnfxzp2vYyD8hdG8OQWEglP5oA=="],

    "@oxc-parser/binding-linux-riscv64-gnu": ["@oxc-parser/binding-linux-riscv64-gnu@0.149.0", "", { "os": "linux", "cpu": "none" }, "sha512-SAdNs+uxMRBLPM6QuLlOxzE4duWia4EMhqGknsJS2EGnWni7i53gSZhaW3VYPxaP8nk/UsMQxMODIFwBHbRWcQ=="],

    "@oxc-parser/binding-linux-riscv64-musl": ["@oxc-parser/binding-linux-riscv64-musl@0.149.0", "", { "os": "linux", "cpu": "none" }, "sha512-RhmzD62QNtMjuBAeKJ15gzyNRv06Yz1ZFi6lgTiA5S3ixkrSMPJWIPGyqdlC4XiWxwAW9W4jeQNV4/Om9V27gA=="],

    "@oxc-parser/binding-linux-s390x-gnu": ["@oxc-parser/binding-linux-s390x-gnu@0.149.0", "", { "os": "linux", "cpu": "s390x" }, "sha512-HqEExoeKhlfUacdhj7KEe1m93B1SzCUkF88c1qLQR5Km6GPSoMHMIjK7qmRXLzjsO+ipSTWVsnYMVG0j2/mxNA=="],

    "@oxc-parser/binding-linux-x64-gnu": ["@oxc-parser/binding-linux-x64-gnu@0.149.0", "", { "os": "linux", "cpu": "x64" }, "sha512-FuAv1J7GoSkmxg5glvzlHA88Ld7dOIg23VdAsVLngPZN/ZjZPtCaBZDby1GPn63Yj+7h47/wbcd7i1p2UJTeNQ=="],

    "@oxc-parser/binding-linux-x64-musl": ["@oxc-parser/binding-linux-x64-musl@0.149.0", "", { "os": "linux", "cpu": "x64" }, "sha512-KDFOVgjMIOiMiRUw+jZlAIEZZFG0WgGk+adcldjc+/qz0/kvobnYJqDqNX0+REJbSpSsM1Knj0zrEGTQ6WTIng=="],

    "@oxc-parser/binding-openharmony-arm64": ["@oxc-parser/binding-openharmony-arm64@0.149.0", "", { "os": "none", "cpu": "arm64" }, "sha512-O3O+ZBhGEUhtbDXFWRMTuOCBg+fC2hf1wrtZBrd3VJUtV/MDd1LCwZXIHY2nMCnh9Akgjay965pBok2h5AXN0A=="],

    "@oxc-parser/binding-win32-arm64-msvc": ["@oxc-parser/binding-win32-arm64-msvc@0.149.0", "", { "os": "win32", "cpu": "arm64" }, "sha512-9hMvs3GZESAcbUGU3mqXFWRLgBd8TLeosNYfHusHp/hrBnk5lIP2nJtark3hZ6qT+lqSdS79sH8NoWHj1x9iUw=="],

    "@oxc-parser/binding-win32-ia32-msvc": ["@oxc-parser/binding-win32-ia32-msvc@0.149.0", "", { "os": "win32", "cpu": "ia32" }, "sha512-8hQaS1Urc1NnlutDfhQ+DwijRALGLY+AmqJSBHV4OmyPZDoqgtkmjTHl2tsTLK6PETe6PbIJLKmXcpJuqkf8Lw=="],

    "@oxc-parser/binding-win32-x64-msvc": ["@oxc-parser/binding-win32-x64-msvc@0.149.0", "", { "os": "win32", "cpu": "x64" }, "sha512-xFqDgKSKdY0m2EtHQL7uMuknuEGnvbtxkWllGle5hmhVe5xn5XZ0Zb9iViAsItFAf0CjSiZ5er3XqqAlr5oARA=="],

    "@oxc-project/types": ["@oxc-project/types@0.149.0", "", {}, "sha512-Efcc+iF0j3Bf67YjEqIqWXbX5XddXoK/Mw4K1/JuXwRCZ8N16VR7iT23nlCc9XrveFVh/E5Rqs2StT0V8v9LdA=="],

    "@oxc-transform-react/binding-android-arm-eabi": ["@oxc-transform-react/binding-android-arm-eabi@0.149.0", "", { "os": "android", "cpu": "arm" }, "sha512-j9tB2Ug9rZMxBxE57nJJvB0QMXqrAYdPB5653DtAFCbp5WmuOPot2iz9Ctm64oMQchdutYwVoHKfZPC23ZpN+w=="],

    "@oxc-transform-react/binding-android-arm64": ["@oxc-transform-react/binding-android-arm64@0.149.0", "", { "os": "android", "cpu": "arm64" }, "sha512-GE5jGUca23DbM6jsMccmrkBe7LlbKvO03JznFXMupKN3os2MrwNnT9bm3CxgC5ih0KKnpwdOhP6+gayaf/RsRQ=="],

    "@oxc-transform-react/binding-darwin-arm64": ["@oxc-transform-react/binding-darwin-arm64@0.149.0", "", { "os": "darwin", "cpu": "arm64" }, "sha512-3XWdu3umUjOyDWamugshtYYglZJR/TnP7gjnvGc3vI1ozqRrtS+QLjs73XOKU7KTkfuoBSh0lf0cF+Y8u8aqng=="],

    "@oxc-transform-react/binding-darwin-x64": ["@oxc-transform-react/binding-darwin-x64@0.149.0", "", { "os": "darwin", "cpu": "x64" }, "sha512-qUcf+jK5c5uvSCH392AOSZKj6fwdYxMC9zwpshIzf0Kpj73RGZciN3E7OG77epVQvh+B/REurBTV+dmywmZwRQ=="],

    "@oxc-transform-react/binding-freebsd-x64": ["@oxc-transform-react/binding-freebsd-x64@0.149.0", "", { "os": "freebsd", "cpu": "x64" }, "sha512-curcmpjfcjNJd+OcvnBAZGWbY5oWNmOduYMrIpRAt+2Vr85BOk6t++bjn1vIJ+0CIOSd86EPNh5H2uEGfrjUpg=="],

    "@oxc-transform-react/binding-linux-arm-gnueabihf": ["@oxc-transform-react/binding-linux-arm-gnueabihf@0.149.0", "", { "os": "linux", "cpu": "arm" }, "sha512-6PsFpEwOLCMLTCH7K9/UaUY9JXimAf3PaVrUKFEKZenBAVByV8Rpk5hK8xFk9+xWA4+a3EckqzgT7VHnTV8POQ=="],

    "@oxc-transform-react/binding-linux-arm-musleabihf": ["@oxc-transform-react/binding-linux-arm-musleabihf@0.149.0", "", { "os": "linux", "cpu": "arm" }, "sha512-Jqnar7VWfwZovsfhJu0cXXOtypQYaEPSrhScNVtAPrWkb8bpuvF2JJ3BebxyvGcXi2MMRMaD9LyyVrBlGfeCFw=="],

    "@oxc-transform-react/binding-linux-arm64-gnu": ["@oxc-transform-react/binding-linux-arm64-gnu@0.149.0", "", { "os": "linux", "cpu": "arm64" }, "sha512-c+pZ8PPe9KpaTvkASe1QK//YxghFVoPTvg/oOQqldBUje04kemIR7ThfvLDfMe36UQ/wm/KYSNmISDJis1DXZQ=="],

    "@oxc-transform-react/binding-linux-arm64-musl": ["@oxc-transform-react/binding-linux-arm64-musl@0.149.0", "", { "os": "linux", "cpu": "arm64" }, "sha512-EUxJd2xsFvNvfMGZIgssLXH7AcsRTCo/2BXUZZOUgyPB59KsnxhQ+KRwi9NeX7YhgLMx6fv+ZuYpCyPs6PIw4A=="],

    "@oxc-transform-react/binding-linux-ppc64-gnu": ["@oxc-transform-react/binding-linux-ppc64-gnu@0.149.0", "", { "os": "linux", "cpu": "ppc64" }, "sha512-+DtOzO4MgQvubmmZRQPpUO6aWffXkrjv3XnenkC9Jf0UMW644o0TRADCfP0Qye+evLv9pEHpiLbI9aH5w6WzpQ=="],

    "@oxc-transform-react/binding-linux-riscv64-gnu": ["@oxc-transform-react/binding-linux-riscv64-gnu@0.149.0", "", { "os": "linux", "cpu": "none" }, "sha512-8s2RVzHkUjDvGM1k9BdVxUvoJUcMQ2yUFH+vJWhb+T/Pwsr0EasHih5YN+zv+Wx/YviiH0gDkqxx2vpInAhQyA=="],

    "@oxc-transform-react/binding-linux-riscv64-musl": ["@oxc-transform-react/binding-linux-riscv64-musl@0.149.0", "", { "os": "linux", "cpu": "none" }, "sha512-S/GBmspvYLfxbT6muuyaguA/9msJvZAaZ1fHrAt+moW6msZyokEnJ/3CvOX15gcXbj93+LSSsusReQpbovHZhQ=="],

    "@oxc-transform-react/binding-linux-s390x-gnu": ["@oxc-transform-react/binding-linux-s390x-gnu@0.149.0", "", { "os": "linux", "cpu": "s390x" }, "sha512-8U+ZC2sqpXxDptpvqQRtompH1ivacHiEUgtsMva8IugCvxcNmd+A7sDtxlOYfNrKPO8ToUPEuWA9qEzJtm6YAg=="],

    "@oxc-transform-react/binding-linux-x64-gnu": ["@oxc-transform-react/binding-linux-x64-gnu@0.149.0", "", { "os": "linux", "cpu": "x64" }, "sha512-RLMKO7f7c/lM5Q3Uw8SFyI7eJ7tPqPjo/3C2EgANvtY3/ySiRSoaxC5OozX/1ATvqO5X75r6TjjPx+lPKsJ11A=="],

    "@oxc-transform-react/binding-linux-x64-musl": ["@oxc-transform-react/binding-linux-x64-musl@0.149.0", "", { "os": "linux", "cpu": "x64" }, "sha512-F3iGtmHwRZa9OCQ43ccod3tQpfWaPiUGRSCjMV7EJK7qWsGqp8fgMxIUIRip/iEXBodIQ9iq4bA4vszhwohRkA=="],

    "@oxc-transform-react/binding-openharmony-arm64": ["@oxc-transform-react/binding-openharmony-arm64@0.149.0", "", { "os": "none", "cpu": "arm64" }, "sha512-+DYaxAGwHkKVIf1+zRS3is8ay2ZADfreYRhLLJ7CbvJqmpE4tjJoIIqjcWmZnRIhZK2+u9GDOfV17byr0nitbw=="],

    "@oxc-transform-react/binding-win32-arm64-msvc": ["@oxc-transform-react/binding-win32-arm64-msvc@0.149.0", "", { "os": "win32", "cpu": "arm64" }, "sha512-F0x4PSnABQzrqjUBQgh5NOCj0uJnRkgeQoULsVADpS0DdKCO4qNIF8PABjAzmx1hl/6Mg/Cs07s5bvTfiRFOUw=="],

    "@oxc-transform-react/binding-win32-ia32-msvc": ["@oxc-transform-react/binding-win32-ia32-msvc@0.149.0", "", { "os": "win32", "cpu": "ia32" }, "sha512-z5Idox/U/jAR5I+uCBgcEK49I0fXsA2+BaQ58xeKl//BDG4tFYnFSBBg24z/PaouDqXJHAi8koimLReFDwoG+A=="],

    "@oxc-transform-react/binding-win32-x64-msvc": ["@oxc-transform-react/binding-win32-x64-msvc@0.149.0", "", { "os": "win32", "cpu": "x64" }, "sha512-g3v1prVeSrseqsRRU44lL8V64yWBkRxcdrY5j80b5OxUjFv643qXv80n1JcS4iH3RbqQylfJFldginKo8XOsIQ=="],

    "@types/react": ["@types/react@19.2.18", "", { "dependencies": { "csstype": "^3.2.2" } }, "sha512-AnzbBERsrLKtk2XSfTbYRLjQPdy116Sty4q+T+Bp3IC4l6jNBvreVPAHmpq9qhXQM7CXZPjLVmGMw9sy+hxQ3w=="],

    "@types/react-reconciler": ["@types/react-reconciler@0.33.0", "", { "peerDependencies": { "@types/react": "*" } }, "sha512-HZOXsKT0tGI9LlUw2LuedXsVeB88wFa536vVL0M6vE8zN63nI+sSr1ByxmPToP5K5bukaVscyeCJcF9guVNJ1g=="],

    "@types/webidl-conversions": ["@types/webidl-conversions@7.0.3", "", {}, "sha512-CiJJvcRtIgzadHCYXw7dqEnMNRjhGZlYK05Mj9OyktqV8uVT8fD2BFOB7S1uwBE3Kj2Z+4UyPmFw/Ixgw/LAlA=="],

    "@types/whatwg-url": ["@types/whatwg-url@13.0.0", "", { "dependencies": { "@types/webidl-conversions": "*" } }, "sha512-N8WXpbE6Wgri7KUSvrmQcqrMllKZ9uxkYWMt+mCSGwNc0Hsw9VQTW7ApqI4XNrx6/SaM2QQJCzMPDEXE058s+Q=="],

    "base64-js": ["base64-js@1.5.1", "", {}, "sha512-AKpaYlHn8t4SVbOHCy+b5+KKgvR4vrsD8vbvrbiQJps7fKDTkjkDry6ji0rUJjC0kzbNePLwzxq8iypo41qeWA=="],

    "csstype": ["csstype@3.2.3", "", {}, "sha512-z1HGKcYy2xA8AGQfwrn0PAy+PB7X/GSj3UVJW9qKyn43xWa+gl5nXmU4qqLMRzWVLFC8KusUX8T/0kCiOYpAIQ=="],

    "ink": ["ink@workspace:packages/ink"],

    "ink-counter-benchmark": ["ink-counter-benchmark@workspace:benchmarks/apps/ink-counter"],

    "ink-counter-example": ["ink-counter-example@workspace:examples/counter"],

    "ink-light-template-example": ["ink-light-template-example@workspace:examples/light-template"],

    "ink-scroll-benchmark": ["ink-scroll-benchmark@workspace:benchmarks/apps/ink-scroll"],

    "ink-stress-benchmark": ["ink-stress-benchmark@workspace:benchmarks/apps/ink-stress"],

    "ink-tuner-example": ["ink-tuner-example@workspace:examples/tuner"],

    "ink-weather-example": ["ink-weather-example@workspace:examples/weather"],

    "oxc-parser": ["oxc-parser@0.149.0", "", { "dependencies": { "@oxc-project/types": "^0.149.0" }, "optionalDependencies": { "@oxc-parser/binding-android-arm-eabi": "0.149.0", "@oxc-parser/binding-android-arm64": "0.149.0", "@oxc-parser/binding-darwin-arm64": "0.149.0", "@oxc-parser/binding-darwin-x64": "0.149.0", "@oxc-parser/binding-freebsd-x64": "0.149.0", "@oxc-parser/binding-linux-arm-gnueabihf": "0.149.0", "@oxc-parser/binding-linux-arm-musleabihf": "0.149.0", "@oxc-parser/binding-linux-arm64-gnu": "0.149.0", "@oxc-parser/binding-linux-arm64-musl": "0.149.0", "@oxc-parser/binding-linux-ppc64-gnu": "0.149.0", "@oxc-parser/binding-linux-riscv64-gnu": "0.149.0", "@oxc-parser/binding-linux-riscv64-musl": "0.149.0", "@oxc-parser/binding-linux-s390x-gnu": "0.149.0", "@oxc-parser/binding-linux-x64-gnu": "0.149.0", "@oxc-parser/binding-linux-x64-musl": "0.149.0", "@oxc-parser/binding-openharmony-arm64": "0.149.0", "@oxc-parser/binding-win32-arm64-msvc": "0.149.0", "@oxc-parser/binding-win32-ia32-msvc": "0.149.0", "@oxc-parser/binding-win32-x64-msvc": "0.149.0" } }, "sha512-iuirONeHJBp6dFuuZKvkCfFvBiF0uFmojIQooGtazR9+GvcwoayGMtal1+cvDUnEw2k435GBish01HOn5iyVqQ=="],

    "oxc-transform-react": ["oxc-transform-react@0.149.0", "", { "optionalDependencies": { "@oxc-transform-react/binding-android-arm-eabi": "0.149.0", "@oxc-transform-react/binding-android-arm64": "0.149.0", "@oxc-transform-react/binding-darwin-arm64": "0.149.0", "@oxc-transform-react/binding-darwin-x64": "0.149.0", "@oxc-transform-react/binding-freebsd-x64": "0.149.0", "@oxc-transform-react/binding-linux-arm-gnueabihf": "0.149.0", "@oxc-transform-react/binding-linux-arm-musleabihf": "0.149.0", "@oxc-transform-react/binding-linux-arm64-gnu": "0.149.0", "@oxc-transform-react/binding-linux-arm64-musl": "0.149.0", "@oxc-transform-react/binding-linux-ppc64-gnu": "0.149.0", "@oxc-transform-react/binding-linux-riscv64-gnu": "0.149.0", "@oxc-transform-react/binding-linux-riscv64-musl": "0.149.0", "@oxc-transform-react/binding-linux-s390x-gnu": "0.149.0", "@oxc-transform-react/binding-linux-x64-gnu": "0.149.0", "@oxc-transform-react/binding-linux-x64-musl": "0.149.0", "@oxc-transform-react/binding-openharmony-arm64": "0.149.0", "@oxc-transform-react/binding-win32-arm64-msvc": "0.149.0", "@oxc-transform-react/binding-win32-ia32-msvc": "0.149.0", "@oxc-transform-react/binding-win32-x64-msvc": "0.149.0" } }, "sha512-ab3dxcPtkDSfIR9tNdxHUtmpdL0lhHndsBD9IUAU5BxtJtwGG/85NnRzs2f2KwouNkHl7caSswMLQeUvw3FERw=="],

    "punycode": ["punycode@2.3.1", "", {}, "sha512-vYt7UD1U9Wg6138shLtLOvdAu+8DsC/ilFtEVHcH+wydcSpNE20AfSOduf6MkRFahL5FY7X1oU7nKVZFtfq8Fg=="],

    "react": ["react@19.2.8", "", {}, "sha512-PWaYA1L/q9u2u7xYQi+Y3L3Yfnie7XyLeaJICV1MGD6LprsBxcAqGjYyr0eY3p+QdsA+x/Irkt4Qif8D63+Sbw=="],

    "react-reconciler": ["react-reconciler@0.33.0", "", { "dependencies": { "scheduler": "^0.27.0" }, "peerDependencies": { "react": "^19.2.0" } }, "sha512-KetWRytFv1epdpJc3J4G75I4WrplZE5jOL7Yq0p34+OVOKF4Se7WrdIdVC45XsSSmUTlht2FM/fM1FZb1mfQeA=="],

    "react-refresh": ["react-refresh@0.18.0", "", {}, "sha512-QgT5//D3jfjJb6Gsjxv0Slpj23ip+HtOpnNgnb2S5zU3CB26G/IDPGoy4RJB42wzFE46DRsstbW6tKHoKbhAxw=="],

    "scheduler": ["scheduler@0.27.0", "", {}, "sha512-eNv+WrVbKu1f3vbYJT/xtiF5syA5HPIMtf9IgY/nKg0sWqzAUEvqY/xm7OcZc/qafLx/iO9FgOmeSAp4v5ti/Q=="],

    "tr46": ["tr46@5.1.1", "", { "dependencies": { "punycode": "^2.3.1" } }, "sha512-hdF5ZgjTqgAntKkklYw0R03MG2x/bSzTtkxmIRw/sTNV8YXsCJ1tfLAX23lhxhHJlEf3CRCOCGGWw3vI3GaSPw=="],

    "typescript": ["typescript@5.9.3", "", { "bin": { "tsc": "bin/tsc", "tsserver": "bin/tsserver" } }, "sha512-jl1vZzPDinLr9eUt3J/t7V6FgNEw9QjvBPdysz9KfQDD41fQrC2Y4vKQdiaUpFT4bXlb1RHhLpp8wtm6M5TgSw=="],

    "web-streams-polyfill": ["web-streams-polyfill@4.3.0", "", {}, "sha512-/Gnggvj9oSrEvJbDyyPtAnxBt5fGQM2iWOKQNu7ie1OxDgK40iZpyV3TKaRiEzVj1oA1UxKnEy9XPXh6PW3eVw=="],

    "webidl-conversions": ["webidl-conversions@7.0.0", "", {}, "sha512-VwddBukDzu71offAQR975unBIGqfKZpM+8ZX6ySk8nYhVoo5CYaZyzt3YBvYtRtO+aoGlqxPg/B87NGVZ/fu6g=="],

    "whatwg-url": ["whatwg-url@14.2.0", "", { "dependencies": { "tr46": "^5.1.0", "webidl-conversions": "^7.0.0" } }, "sha512-De72GdQZzNTUBBChsXueQUnPKDkg/5A5zp7pFDuQAj5UFoENpiACU0wlCvzpAGnTkj++ihpKwKyYewn/XNUbKw=="],
  }
}
